// !$*UTF8*$!
{
	archiveVersion = 1;
	classes = {
	};
	objectVersion = 46;
	objects = {

/* Begin PBXBuildFile section */
		040E4F6C199075E20023FD80 /* RegexKitLite.m in Sources */ = {isa = PBXBuildFile; fileRef = 040E4F6B199075E20023FD80 /* RegexKitLite.m */; settings = {COMPILER_FLAGS = "-fno-objc-arc"; }; };
		040E4F6E199076FA0023FD80 /* libicucore.dylib in Frameworks */ = {isa = PBXBuildFile; fileRef = 040E4F6D199076FA0023FD80 /* libicucore.dylib */; };
		040E50011990D6330023FD80 /* CFNetwork.framework in Frameworks */ = {isa = PBXBuildFile; fileRef = 040E50001990D6330023FD80 /* CFNetwork.framework */; };
		040E500F1990F0B00023FD80 /* AboutViewController.m in Sources */ = {isa = PBXBuildFile; fileRef = 040E500D1990F0B00023FD80 /* AboutViewController.m */; };
		040E50101990F0B00023FD80 /* AboutViewController.xib in Resources */ = {isa = PBXBuildFile; fileRef = 040E500E1990F0B00023FD80 /* AboutViewController.xib */; };
		040E50141990F0C70023FD80 /* CalibrationTimeViewController.m in Sources */ = {isa = PBXBuildFile; fileRef = 040E50121990F0C70023FD80 /* CalibrationTimeViewController.m */; };
		040E50151990F0C70023FD80 /* CalibrationTimeViewController.xib in Resources */ = {isa = PBXBuildFile; fileRef = 040E50131990F0C70023FD80 /* CalibrationTimeViewController.xib */; };
		040E50191990F0EB0023FD80 /* NowBindPhoneStateViewController.m in Sources */ = {isa = PBXBuildFile; fileRef = 040E50171990F0EB0023FD80 /* NowBindPhoneStateViewController.m */; };
		040E501A1990F0EB0023FD80 /* NowBindPhoneStateViewController.xib in Resources */ = {isa = PBXBuildFile; fileRef = 040E50181990F0EB0023FD80 /* NowBindPhoneStateViewController.xib */; };
		042D44001991CE2D00AA0A0A /* AVFoundation.framework in Frameworks */ = {isa = PBXBuildFile; fileRef = 042D43FF1991CE2D00AA0A0A /* AVFoundation.framework */; };
		042D44021991CE3500AA0A0A /* AudioToolbox.framework in Frameworks */ = {isa = PBXBuildFile; fileRef = 042D44011991CE3500AA0A0A /* AudioToolbox.framework */; };
		042D44041991CE3C00AA0A0A /* CoreVideo.framework in Frameworks */ = {isa = PBXBuildFile; fileRef = 042D44031991CE3C00AA0A0A /* CoreVideo.framework */; };
		042D44061991CE4400AA0A0A /* CoreMedia.framework in Frameworks */ = {isa = PBXBuildFile; fileRef = 042D44051991CE4400AA0A0A /* CoreMedia.framework */; };
		042D44081991CE5400AA0A0A /* libiconv.dylib in Frameworks */ = {isa = PBXBuildFile; fileRef = 042D44071991CE5400AA0A0A /* libiconv.dylib */; };
		042D44151991D26000AA0A0A /* libZXingWidget.a in Frameworks */ = {isa = PBXBuildFile; fileRef = 042D44111991D0DF00AA0A0A /* libZXingWidget.a */; };
		042D441F1991DE5800AA0A0A /* ResetStartPasswordViewController.m in Sources */ = {isa = PBXBuildFile; fileRef = 042D441D1991DE5800AA0A0A /* ResetStartPasswordViewController.m */; };
		042D44201991DE5800AA0A0A /* ResetStartPasswordViewController.xib in Resources */ = {isa = PBXBuildFile; fileRef = 042D441E1991DE5800AA0A0A /* ResetStartPasswordViewController.xib */; };
		042D44371992023D00AA0A0A /* ConnecteDiscountViewController.m in Sources */ = {isa = PBXBuildFile; fileRef = 042D44351992023D00AA0A0A /* ConnecteDiscountViewController.m */; };
		042D44381992023D00AA0A0A /* ConnecteDiscountViewController.xib in Resources */ = {isa = PBXBuildFile; fileRef = 042D44361992023D00AA0A0A /* ConnecteDiscountViewController.xib */; };
		042D4441199211AD00AA0A0A /* LogInSystemViewController.m in Sources */ = {isa = PBXBuildFile; fileRef = 042D443F199211AD00AA0A0A /* LogInSystemViewController.m */; };
		042D4442199211AD00AA0A0A /* LogInSystemViewController.xib in Resources */ = {isa = PBXBuildFile; fileRef = 042D4440199211AD00AA0A0A /* LogInSystemViewController.xib */; };
		043DA67C198F3E4C000421B9 /* StartViewController.m in Sources */ = {isa = PBXBuildFile; fileRef = 043DA67A198F3E4C000421B9 /* StartViewController.m */; };
		043DA67D198F3E4C000421B9 /* StartViewController.xib in Resources */ = {isa = PBXBuildFile; fileRef = 043DA67B198F3E4C000421B9 /* StartViewController.xib */; };
		043DA682198F693C000421B9 /* InputQuestionAnswerViewController.m in Sources */ = {isa = PBXBuildFile; fileRef = 043DA680198F693C000421B9 /* InputQuestionAnswerViewController.m */; };
		043DA683198F693C000421B9 /* InputQuestionAnswerViewController.xib in Resources */ = {isa = PBXBuildFile; fileRef = 043DA681198F693C000421B9 /* InputQuestionAnswerViewController.xib */; };
		04640973199CBCB000E8BA09 /* DigitalTokenView.m in Sources */ = {isa = PBXBuildFile; fileRef = 04640972199CBCB000E8BA09 /* DigitalTokenView.m */; };
		04640975199CC24300E8BA09 /* QuartzCore.framework in Frameworks */ = {isa = PBXBuildFile; fileRef = 04640974199CC24300E8BA09 /* QuartzCore.framework */; };
		04640981199CC58200E8BA09 /* 0@2x.png in Resources */ = {isa = PBXBuildFile; fileRef = 04640977199CC58200E8BA09 /* 0@2x.png */; };
		04640982199CC58200E8BA09 /* 1@2x.png in Resources */ = {isa = PBXBuildFile; fileRef = 04640978199CC58200E8BA09 /* 1@2x.png */; };
		04640983199CC58200E8BA09 /* 2@2x.png in Resources */ = {isa = PBXBuildFile; fileRef = 04640979199CC58200E8BA09 /* 2@2x.png */; };
		04640984199CC58200E8BA09 /* 3@2x.png in Resources */ = {isa = PBXBuildFile; fileRef = 0464097A199CC58200E8BA09 /* 3@2x.png */; };
		04640985199CC58200E8BA09 /* 4@2x.png in Resources */ = {isa = PBXBuildFile; fileRef = 0464097B199CC58200E8BA09 /* 4@2x.png */; };
		04640986199CC58200E8BA09 /* 5@2x.png in Resources */ = {isa = PBXBuildFile; fileRef = 0464097C199CC58200E8BA09 /* 5@2x.png */; };
		04640987199CC58200E8BA09 /* 6@2x.png in Resources */ = {isa = PBXBuildFile; fileRef = 0464097D199CC58200E8BA09 /* 6@2x.png */; };
		04640988199CC58200E8BA09 /* 7@2x.png in Resources */ = {isa = PBXBuildFile; fileRef = 0464097E199CC58200E8BA09 /* 7@2x.png */; };
		04640989199CC58200E8BA09 /* 8@2x.png in Resources */ = {isa = PBXBuildFile; fileRef = 0464097F199CC58200E8BA09 /* 8@2x.png */; };
		0464098A199CC58200E8BA09 /* 9@2x.png in Resources */ = {isa = PBXBuildFile; fileRef = 04640980199CC58200E8BA09 /* 9@2x.png */; };
		0464098E199CCB7300E8BA09 /* DigitalTokenViewController.m in Sources */ = {isa = PBXBuildFile; fileRef = 0464098C199CCB7300E8BA09 /* DigitalTokenViewController.m */; };
		0464098F199CCB7300E8BA09 /* DigitalTokenViewController.xib in Resources */ = {isa = PBXBuildFile; fileRef = 0464098D199CCB7300E8BA09 /* DigitalTokenViewController.xib */; };
		04EE0EF21999BE8800ADC63D /* DiscountModel.m in Sources */ = {isa = PBXBuildFile; fileRef = 04EE0EF11999BE8800ADC63D /* DiscountModel.m */; };
		04EE0EFC1999C08F00ADC63D /* EGOCache.m in Sources */ = {isa = PBXBuildFile; fileRef = 04EE0EF51999C08F00ADC63D /* EGOCache.m */; settings = {COMPILER_FLAGS = "-fno-objc-arc"; }; };
		04EE0EFD1999C08F00ADC63D /* EGOImageLoadConnection.m in Sources */ = {isa = PBXBuildFile; fileRef = 04EE0EF71999C08F00ADC63D /* EGOImageLoadConnection.m */; settings = {COMPILER_FLAGS = "-fno-objc-arc"; }; };
		04EE0EFE1999C08F00ADC63D /* EGOImageLoader.m in Sources */ = {isa = PBXBuildFile; fileRef = 04EE0EF91999C08F00ADC63D /* EGOImageLoader.m */; settings = {COMPILER_FLAGS = "-fno-objc-arc"; }; };
		04EE0EFF1999C08F00ADC63D /* EGOImageView.m in Sources */ = {isa = PBXBuildFile; fileRef = 04EE0EFB1999C08F00ADC63D /* EGOImageView.m */; settings = {COMPILER_FLAGS = "-fno-objc-arc"; }; };
		04EE0F05199A073100ADC63D /* SystemConfiguration.framework in Frameworks */ = {isa = PBXBuildFile; fileRef = 04EE0F04199A073100ADC63D /* SystemConfiguration.framework */; };
		04EE0F07199A073800ADC63D /* MobileCoreServices.framework in Frameworks */ = {isa = PBXBuildFile; fileRef = 04EE0F06199A073800ADC63D /* MobileCoreServices.framework */; };
		04EE0F09199A074F00ADC63D /* libz.1.2.5.dylib in Frameworks */ = {isa = PBXBuildFile; fileRef = 04EE0F08199A074F00ADC63D /* libz.1.2.5.dylib */; };
		04EE0F0E199A07CF00ADC63D /* BaseInterface.m in Sources */ = {isa = PBXBuildFile; fileRef = 04EE0F0D199A07CF00ADC63D /* BaseInterface.m */; };
		04EE0F24199A07E200ADC63D /* ASIAuthenticationDialog.m in Sources */ = {isa = PBXBuildFile; fileRef = 04EE0F11199A07E200ADC63D /* ASIAuthenticationDialog.m */; settings = {COMPILER_FLAGS = "-fno-objc-arc"; }; };
		04EE0F25199A07E200ADC63D /* ASIDataCompressor.m in Sources */ = {isa = PBXBuildFile; fileRef = 04EE0F14199A07E200ADC63D /* ASIDataCompressor.m */; settings = {COMPILER_FLAGS = "-fno-objc-arc"; }; };
		04EE0F26199A07E200ADC63D /* ASIDataDecompressor.m in Sources */ = {isa = PBXBuildFile; fileRef = 04EE0F16199A07E200ADC63D /* ASIDataDecompressor.m */; settings = {COMPILER_FLAGS = "-fno-objc-arc"; }; };
		04EE0F27199A07E200ADC63D /* ASIDownloadCache.m in Sources */ = {isa = PBXBuildFile; fileRef = 04EE0F18199A07E200ADC63D /* ASIDownloadCache.m */; settings = {COMPILER_FLAGS = "-fno-objc-arc"; }; };
		04EE0F28199A07E200ADC63D /* ASIFormDataRequest.m in Sources */ = {isa = PBXBuildFile; fileRef = 04EE0F1A199A07E200ADC63D /* ASIFormDataRequest.m */; settings = {COMPILER_FLAGS = "-fno-objc-arc"; }; };
		04EE0F29199A07E200ADC63D /* ASIHTTPRequest.m in Sources */ = {isa = PBXBuildFile; fileRef = 04EE0F1C199A07E200ADC63D /* ASIHTTPRequest.m */; settings = {COMPILER_FLAGS = "-fno-objc-arc"; }; };
		04EE0F2A199A07E200ADC63D /* ASIInputStream.m in Sources */ = {isa = PBXBuildFile; fileRef = 04EE0F20199A07E200ADC63D /* ASIInputStream.m */; settings = {COMPILER_FLAGS = "-fno-objc-arc"; }; };
		04EE0F2B199A07E200ADC63D /* ASINetworkQueue.m in Sources */ = {isa = PBXBuildFile; fileRef = 04EE0F22199A07E200ADC63D /* ASINetworkQueue.m */; settings = {COMPILER_FLAGS = "-fno-objc-arc"; }; };
		04EE0F2F199A081100ADC63D /* JSONKit.m in Sources */ = {isa = PBXBuildFile; fileRef = 04EE0F2E199A081100ADC63D /* JSONKit.m */; settings = {COMPILER_FLAGS = "-fno-objc-arc"; }; };
		04EE0F34199A0ABB00ADC63D /* UploadScanResultInterface.m in Sources */ = {isa = PBXBuildFile; fileRef = 04EE0F33199A0ABB00ADC63D /* UploadScanResultInterface.m */; };
		04EE0F3A199A0E8E00ADC63D /* Reachability.m in Sources */ = {isa = PBXBuildFile; fileRef = 04EE0F39199A0E8E00ADC63D /* Reachability.m */; settings = {COMPILER_FLAGS = "-fno-objc-arc"; }; };
		04EE0FB7199A233300ADC63D /* BindPhoneInterface.m in Sources */ = {isa = PBXBuildFile; fileRef = 04EE0FB6199A233300ADC63D /* BindPhoneInterface.m */; };
		04EE0FC0199A298600ADC63D /* SystemModel.m in Sources */ = {isa = PBXBuildFile; fileRef = 04EE0FBF199A298600ADC63D /* SystemModel.m */; };
		04EE0FC3199A2C9700ADC63D /* AccountModel.m in Sources */ = {isa = PBXBuildFile; fileRef = 04EE0FC2199A2C9700ADC63D /* AccountModel.m */; };
		04EE0FC7199A2F0B00ADC63D /* ConnecteSuccessViewController.m in Sources */ = {isa = PBXBuildFile; fileRef = 04EE0FC5199A2F0B00ADC63D /* ConnecteSuccessViewController.m */; };
		04EE0FC8199A2F0B00ADC63D /* ConnecteSuccessViewController.xib in Resources */ = {isa = PBXBuildFile; fileRef = 04EE0FC6199A2F0B00ADC63D /* ConnecteSuccessViewController.xib */; };
		04F02554198CC6600017665A /* Foundation.framework in Frameworks */ = {isa = PBXBuildFile; fileRef = 04F02553198CC6600017665A /* Foundation.framework */; };
		04F02556198CC6600017665A /* CoreGraphics.framework in Frameworks */ = {isa = PBXBuildFile; fileRef = 04F02555198CC6600017665A /* CoreGraphics.framework */; };
		04F02558198CC6600017665A /* UIKit.framework in Frameworks */ = {isa = PBXBuildFile; fileRef = 04F02557198CC6600017665A /* UIKit.framework */; };
		04F0255E198CC6600017665A /* InfoPlist.strings in Resources */ = {isa = PBXBuildFile; fileRef = 04F0255C198CC6600017665A /* InfoPlist.strings */; };
		04F02560198CC6600017665A /* main.mm in Sources */ = {isa = PBXBuildFile; fileRef = 04F0255F198CC6600017665A /* main.mm */; };
		04F02564198CC6600017665A /* AppDelegate.m in Sources */ = {isa = PBXBuildFile; fileRef = 04F02563198CC6600017665A /* AppDelegate.m */; };
		04F02566198CC6600017665A /* Images.xcassets in Resources */ = {isa = PBXBuildFile; fileRef = 04F02565198CC6600017665A /* Images.xcassets */; };
		04F0256D198CC6600017665A /* XCTest.framework in Frameworks */ = {isa = PBXBuildFile; fileRef = 04F0256C198CC6600017665A /* XCTest.framework */; };
		04F0256E198CC6600017665A /* Foundation.framework in Frameworks */ = {isa = PBXBuildFile; fileRef = 04F02553198CC6600017665A /* Foundation.framework */; };
		04F0256F198CC6600017665A /* UIKit.framework in Frameworks */ = {isa = PBXBuildFile; fileRef = 04F02557198CC6600017665A /* UIKit.framework */; };
		04F02577198CC6600017665A /* InfoPlist.strings in Resources */ = {isa = PBXBuildFile; fileRef = 04F02575198CC6600017665A /* InfoPlist.strings */; };
		04F02579198CC6600017665A /* VLingPaiTests.m in Sources */ = {isa = PBXBuildFile; fileRef = 04F02578198CC6600017665A /* VLingPaiTests.m */; };
		04F0258C198CCE2C0017665A /* FirstViewController.m in Sources */ = {isa = PBXBuildFile; fileRef = 04F0258A198CCE2C0017665A /* FirstViewController.m */; };
		04F0258D198CCE2C0017665A /* FirstViewController.xib in Resources */ = {isa = PBXBuildFile; fileRef = 04F0258B198CCE2C0017665A /* FirstViewController.xib */; };
		04F025A5198CD5490017665A /* ImportPhoneNumberViewController.m in Sources */ = {isa = PBXBuildFile; fileRef = 04F025A3198CD5490017665A /* ImportPhoneNumberViewController.m */; };
		04F025A6198CD5490017665A /* ImportPhoneNumberViewController.xib in Resources */ = {isa = PBXBuildFile; fileRef = 04F025A4198CD5490017665A /* ImportPhoneNumberViewController.xib */; };
		04F025AA198CD5770017665A /* VerificationViewController.mm in Sources */ = {isa = PBXBuildFile; fileRef = 04F025A8198CD5770017665A /* VerificationViewController.mm */; };
		04F025AB198CD5770017665A /* VerificationViewController.xib in Resources */ = {isa = PBXBuildFile; fileRef = 04F025A9198CD5770017665A /* VerificationViewController.xib */; };
		04F025AF198CD58D0017665A /* DiscountViewController.m in Sources */ = {isa = PBXBuildFile; fileRef = 04F025AD198CD58D0017665A /* DiscountViewController.m */; };
		04F025B0198CD58D0017665A /* DiscountViewController.xib in Resources */ = {isa = PBXBuildFile; fileRef = 04F025AE198CD58D0017665A /* DiscountViewController.xib */; };
		04F025B4198CD59F0017665A /* SettingViewController.m in Sources */ = {isa = PBXBuildFile; fileRef = 04F025B2198CD59F0017665A /* SettingViewController.m */; };
		04F025B5198CD59F0017665A /* SettingViewController.xib in Resources */ = {isa = PBXBuildFile; fileRef = 04F025B3198CD59F0017665A /* SettingViewController.xib */; };
		04F025C5198CD6F90017665A /* StartSetPasswordViewController.m in Sources */ = {isa = PBXBuildFile; fileRef = 04F025C3198CD6F90017665A /* StartSetPasswordViewController.m */; };
		04F025C6198CD6F90017665A /* StartSetPasswordViewController.xib in Resources */ = {isa = PBXBuildFile; fileRef = 04F025C4198CD6F90017665A /* StartSetPasswordViewController.xib */; };
		04F025CA198CD7680017665A /* SetStartPasswordViewController.m in Sources */ = {isa = PBXBuildFile; fileRef = 04F025C8198CD7680017665A /* SetStartPasswordViewController.m */; };
		04F025CB198CD7680017665A /* SetStartPasswordViewController.xib in Resources */ = {isa = PBXBuildFile; fileRef = 04F025C9198CD7680017665A /* SetStartPasswordViewController.xib */; };
		04F025CF198CD7AB0017665A /* SetQuestionViewController.m in Sources */ = {isa = PBXBuildFile; fileRef = 04F025CD198CD7AB0017665A /* SetQuestionViewController.m */; };
		04F025D0198CD7AB0017665A /* SetQuestionViewController.xib in Resources */ = {isa = PBXBuildFile; fileRef = 04F025CE198CD7AB0017665A /* SetQuestionViewController.xib */; };
		04F025D4198CDA5C0017665A /* setting_startsetpassword_img@2x.png in Resources */ = {isa = PBXBuildFile; fileRef = 04F025D3198CDA5C0017665A /* setting_startsetpassword_img@2x.png */; };
		04F4C3DB199B048300FCBC6F /* 37x-Checkmark_wrong@2x.png in Resources */ = {isa = PBXBuildFile; fileRef = 04F4C3DA199B048300FCBC6F /* 37x-Checkmark_wrong@2x.png */; };
		04F4C3E0199B16BC00FCBC6F /* ScanLoginInterface.m in Sources */ = {isa = PBXBuildFile; fileRef = 04F4C3DF199B16BC00FCBC6F /* ScanLoginInterface.m */; };
		04F4C3E3199B45B300FCBC6F /* ScanBindAccountInterface.m in Sources */ = {isa = PBXBuildFile; fileRef = 04F4C3E2199B45B300FCBC6F /* ScanBindAccountInterface.m */; };
		04F4C441199B5A1A00FCBC6F /* AsyncUdpSocket.m in Sources */ = {isa = PBXBuildFile; fileRef = 04F4C43A199B5A1A00FCBC6F /* AsyncUdpSocket.m */; settings = {COMPILER_FLAGS = "-fno-objc-arc"; }; };
		04F4C442199B5A1A00FCBC6F /* NetAssociation.m in Sources */ = {isa = PBXBuildFile; fileRef = 04F4C43D199B5A1A00FCBC6F /* NetAssociation.m */; settings = {COMPILER_FLAGS = "-fno-objc-arc"; }; };
		04F4C443199B5A1A00FCBC6F /* NetworkClock.m in Sources */ = {isa = PBXBuildFile; fileRef = 04F4C43F199B5A1A00FCBC6F /* NetworkClock.m */; settings = {COMPILER_FLAGS = "-fno-objc-arc"; }; };
		04F4C446199B5EA800FCBC6F /* ScanLoginCancelInterface.m in Sources */ = {isa = PBXBuildFile; fileRef = 04F4C445199B5EA800FCBC6F /* ScanLoginCancelInterface.m */; };
		04F4C489199B648000FCBC6F /* OneClickInterface.m in Sources */ = {isa = PBXBuildFile; fileRef = 04F4C488199B648000FCBC6F /* OneClickInterface.m */; };
		04F4C490199B6D1400FCBC6F /* OneClickViewController.m in Sources */ = {isa = PBXBuildFile; fileRef = 04F4C48E199B6D1400FCBC6F /* OneClickViewController.m */; };
		04F4C491199B6D1400FCBC6F /* OneClickViewController.xib in Resources */ = {isa = PBXBuildFile; fileRef = 04F4C48F199B6D1400FCBC6F /* OneClickViewController.xib */; };
		04F4C494199B6D2F00FCBC6F /* AccountAndSystemModel.m in Sources */ = {isa = PBXBuildFile; fileRef = 04F4C493199B6D2F00FCBC6F /* AccountAndSystemModel.m */; };
		04F4C498199B6E4500FCBC6F /* OneClickListViewController.m in Sources */ = {isa = PBXBuildFile; fileRef = 04F4C496199B6E4500FCBC6F /* OneClickListViewController.m */; };
		04F4C499199B6E4500FCBC6F /* OneClickListViewController.xib in Resources */ = {isa = PBXBuildFile; fileRef = 04F4C497199B6E4500FCBC6F /* OneClickListViewController.xib */; };
		04F4C49E199B6F6000FCBC6F /* DiscountViewCell.m in Sources */ = {isa = PBXBuildFile; fileRef = 04F4C49C199B6F6000FCBC6F /* DiscountViewCell.m */; };
		04F4C49F199B6F6000FCBC6F /* DiscountViewCell.xib in Resources */ = {isa = PBXBuildFile; fileRef = 04F4C49D199B6F6000FCBC6F /* DiscountViewCell.xib */; };
		04F4C4A3199B6F9600FCBC6F /* OneClickListViewCell.m in Sources */ = {isa = PBXBuildFile; fileRef = 04F4C4A1199B6F9600FCBC6F /* OneClickListViewCell.m */; };
		04F4C4A4199B6F9600FCBC6F /* OneClickListViewCell.xib in Resources */ = {isa = PBXBuildFile; fileRef = 04F4C4A2199B6F9600FCBC6F /* OneClickListViewCell.xib */; };
		04FAE31C1993970100EAFFFF /* base32.c in Sources */ = {isa = PBXBuildFile; fileRef = 04FAE3131993970100EAFFFF /* base32.c */; };
		04FAE31D1993970100EAFFFF /* tempOTPImage.png in Resources */ = {isa = PBXBuildFile; fileRef = 04FAE3151993970100EAFFFF /* tempOTPImage.png */; };
		04FAE31E1993970100EAFFFF /* Token.m in Sources */ = {isa = PBXBuildFile; fileRef = 04FAE3171993970100EAFFFF /* Token.m */; };
		04FAE31F1993970100EAFFFF /* TokenCode.m in Sources */ = {isa = PBXBuildFile; fileRef = 04FAE3191993970100EAFFFF /* TokenCode.m */; };
		04FAE3201993970100EAFFFF /* TokenStore.m in Sources */ = {isa = PBXBuildFile; fileRef = 04FAE31B1993970100EAFFFF /* TokenStore.m */; };
		04FE1F51198F244900F41BE0 /* dot_off.png in Resources */ = {isa = PBXBuildFile; fileRef = 04FE1F4B198F244900F41BE0 /* dot_off.png */; };
		04FE1F52198F244900F41BE0 /* dot_on.png in Resources */ = {isa = PBXBuildFile; fileRef = 04FE1F4C198F244900F41BE0 /* dot_on.png */; };
		04FE1F53198F244900F41BE0 /* LockView.m in Sources */ = {isa = PBXBuildFile; fileRef = 04FE1F4E198F244900F41BE0 /* LockView.m */; };
		04FE1F54198F244900F41BE0 /* LockViewController.m in Sources */ = {isa = PBXBuildFile; fileRef = 04FE1F50198F244900F41BE0 /* LockViewController.m */; };
		04FE1F58198F2BF100F41BE0 /* MBProgressHUD.m in Sources */ = {isa = PBXBuildFile; fileRef = 04FE1F57198F2BF100F41BE0 /* MBProgressHUD.m */; };
		04FE1F5B198F2CB500F41BE0 /* 37x-Checkmark.png in Resources */ = {isa = PBXBuildFile; fileRef = 04FE1F59198F2CB500F41BE0 /* 37x-Checkmark.png */; };
		04FE1F5C198F2CB500F41BE0 /* 37x-Checkmark@2x.png in Resources */ = {isa = PBXBuildFile; fileRef = 04FE1F5A198F2CB500F41BE0 /* 37x-Checkmark@2x.png */; };
/* End PBXBuildFile section */

/* Begin PBXContainerItemProxy section */
		042D44101991D0DF00AA0A0A /* PBXContainerItemProxy */ = {
			isa = PBXContainerItemProxy;
			containerPortal = 042D440B1991D0DF00AA0A0A /* ZXingWidget.xcodeproj */;
			proxyType = 2;
			remoteGlobalIDString = D2AAC07E0554694100DB518D;
			remoteInfo = ZXingWidget;
		};
		042D44121991D0DF00AA0A0A /* PBXContainerItemProxy */ = {
			isa = PBXContainerItemProxy;
			containerPortal = 042D440B1991D0DF00AA0A0A /* ZXingWidget.xcodeproj */;
			proxyType = 2;
			remoteGlobalIDString = 1D60398D13DF7CAD006F4B51;
			remoteInfo = ZXingTests;
		};
		04F02570198CC6600017665A /* PBXContainerItemProxy */ = {
			isa = PBXContainerItemProxy;
			containerPortal = 04F02548198CC65F0017665A /* Project object */;
			proxyType = 1;
			remoteGlobalIDString = 04F0254F198CC6600017665A;
			remoteInfo = VLingPai;
		};
/* End PBXContainerItemProxy section */

/* Begin PBXFileReference section */
		040E4F6A199075E20023FD80 /* RegexKitLite.h */ = {isa = PBXFileReference; fileEncoding = 4; lastKnownFileType = sourcecode.c.h; path = RegexKitLite.h; sourceTree = "<group>"; };
		040E4F6B199075E20023FD80 /* RegexKitLite.m */ = {isa = PBXFileReference; fileEncoding = 4; lastKnownFileType = sourcecode.c.objc; path = RegexKitLite.m; sourceTree = "<group>"; };
		040E4F6D199076FA0023FD80 /* libicucore.dylib */ = {isa = PBXFileReference; lastKnownFileType = "compiled.mach-o.dylib"; name = libicucore.dylib; path = usr/lib/libicucore.dylib; sourceTree = SDKROOT; };
		040E50001990D6330023FD80 /* CFNetwork.framework */ = {isa = PBXFileReference; lastKnownFileType = wrapper.framework; name = CFNetwork.framework; path = System/Library/Frameworks/CFNetwork.framework; sourceTree = SDKROOT; };
		040E500C1990F0B00023FD80 /* AboutViewController.h */ = {isa = PBXFileReference; fileEncoding = 4; lastKnownFileType = sourcecode.c.h; name = AboutViewController.h; path = Controller/AboutViewController.h; sourceTree = "<group>"; };
		040E500D1990F0B00023FD80 /* AboutViewController.m */ = {isa = PBXFileReference; fileEncoding = 4; lastKnownFileType = sourcecode.c.objc; name = AboutViewController.m; path = Controller/AboutViewController.m; sourceTree = "<group>"; };
		040E500E1990F0B00023FD80 /* AboutViewController.xib */ = {isa = PBXFileReference; fileEncoding = 4; lastKnownFileType = file.xib; name = AboutViewController.xib; path = Controller/AboutViewController.xib; sourceTree = "<group>"; };
		040E50111990F0C70023FD80 /* CalibrationTimeViewController.h */ = {isa = PBXFileReference; fileEncoding = 4; lastKnownFileType = sourcecode.c.h; name = CalibrationTimeViewController.h; path = Controller/CalibrationTimeViewController.h; sourceTree = "<group>"; };
		040E50121990F0C70023FD80 /* CalibrationTimeViewController.m */ = {isa = PBXFileReference; fileEncoding = 4; lastKnownFileType = sourcecode.c.objc; name = CalibrationTimeViewController.m; path = Controller/CalibrationTimeViewController.m; sourceTree = "<group>"; };
		040E50131990F0C70023FD80 /* CalibrationTimeViewController.xib */ = {isa = PBXFileReference; fileEncoding = 4; lastKnownFileType = file.xib; name = CalibrationTimeViewController.xib; path = Controller/CalibrationTimeViewController.xib; sourceTree = "<group>"; };
		040E50161990F0EB0023FD80 /* NowBindPhoneStateViewController.h */ = {isa = PBXFileReference; fileEncoding = 4; lastKnownFileType = sourcecode.c.h; name = NowBindPhoneStateViewController.h; path = Controller/NowBindPhoneStateViewController.h; sourceTree = "<group>"; };
		040E50171990F0EB0023FD80 /* NowBindPhoneStateViewController.m */ = {isa = PBXFileReference; fileEncoding = 4; lastKnownFileType = sourcecode.c.objc; name = NowBindPhoneStateViewController.m; path = Controller/NowBindPhoneStateViewController.m; sourceTree = "<group>"; };
		040E50181990F0EB0023FD80 /* NowBindPhoneStateViewController.xib */ = {isa = PBXFileReference; fileEncoding = 4; lastKnownFileType = file.xib; name = NowBindPhoneStateViewController.xib; path = Controller/NowBindPhoneStateViewController.xib; sourceTree = "<group>"; };
		042D43FF1991CE2D00AA0A0A /* AVFoundation.framework */ = {isa = PBXFileReference; lastKnownFileType = wrapper.framework; name = AVFoundation.framework; path = System/Library/Frameworks/AVFoundation.framework; sourceTree = SDKROOT; };
		042D44011991CE3500AA0A0A /* AudioToolbox.framework */ = {isa = PBXFileReference; lastKnownFileType = wrapper.framework; name = AudioToolbox.framework; path = System/Library/Frameworks/AudioToolbox.framework; sourceTree = SDKROOT; };
		042D44031991CE3C00AA0A0A /* CoreVideo.framework */ = {isa = PBXFileReference; lastKnownFileType = wrapper.framework; name = CoreVideo.framework; path = System/Library/Frameworks/CoreVideo.framework; sourceTree = SDKROOT; };
		042D44051991CE4400AA0A0A /* CoreMedia.framework */ = {isa = PBXFileReference; lastKnownFileType = wrapper.framework; name = CoreMedia.framework; path = System/Library/Frameworks/CoreMedia.framework; sourceTree = SDKROOT; };
		042D44071991CE5400AA0A0A /* libiconv.dylib */ = {isa = PBXFileReference; lastKnownFileType = "compiled.mach-o.dylib"; name = libiconv.dylib; path = usr/lib/libiconv.dylib; sourceTree = SDKROOT; };
		042D440B1991D0DF00AA0A0A /* ZXingWidget.xcodeproj */ = {isa = PBXFileReference; lastKnownFileType = "wrapper.pb-project"; name = ZXingWidget.xcodeproj; path = zxing/iphone/ZXingWidget/ZXingWidget.xcodeproj; sourceTree = SOURCE_ROOT; };
		042D441C1991DE5800AA0A0A /* ResetStartPasswordViewController.h */ = {isa = PBXFileReference; fileEncoding = 4; lastKnownFileType = sourcecode.c.h; name = ResetStartPasswordViewController.h; path = Controller/ResetStartPasswordViewController.h; sourceTree = "<group>"; };
		042D441D1991DE5800AA0A0A /* ResetStartPasswordViewController.m */ = {isa = PBXFileReference; fileEncoding = 4; lastKnownFileType = sourcecode.c.objc; name = ResetStartPasswordViewController.m; path = Controller/ResetStartPasswordViewController.m; sourceTree = "<group>"; };
		042D441E1991DE5800AA0A0A /* ResetStartPasswordViewController.xib */ = {isa = PBXFileReference; fileEncoding = 4; lastKnownFileType = file.xib; name = ResetStartPasswordViewController.xib; path = Controller/ResetStartPasswordViewController.xib; sourceTree = "<group>"; };
		042D44341992023D00AA0A0A /* ConnecteDiscountViewController.h */ = {isa = PBXFileReference; fileEncoding = 4; lastKnownFileType = sourcecode.c.h; name = ConnecteDiscountViewController.h; path = Controller/ConnecteDiscountViewController.h; sourceTree = "<group>"; };
		042D44351992023D00AA0A0A /* ConnecteDiscountViewController.m */ = {isa = PBXFileReference; fileEncoding = 4; lastKnownFileType = sourcecode.c.objc; name = ConnecteDiscountViewController.m; path = Controller/ConnecteDiscountViewController.m; sourceTree = "<group>"; };
		042D44361992023D00AA0A0A /* ConnecteDiscountViewController.xib */ = {isa = PBXFileReference; fileEncoding = 4; lastKnownFileType = file.xib; name = ConnecteDiscountViewController.xib; path = Controller/ConnecteDiscountViewController.xib; sourceTree = "<group>"; };
		042D443E199211AD00AA0A0A /* LogInSystemViewController.h */ = {isa = PBXFileReference; fileEncoding = 4; lastKnownFileType = sourcecode.c.h; name = LogInSystemViewController.h; path = Controller/LogInSystemViewController.h; sourceTree = "<group>"; };
		042D443F199211AD00AA0A0A /* LogInSystemViewController.m */ = {isa = PBXFileReference; fileEncoding = 4; lastKnownFileType = sourcecode.c.objc; name = LogInSystemViewController.m; path = Controller/LogInSystemViewController.m; sourceTree = "<group>"; };
		042D4440199211AD00AA0A0A /* LogInSystemViewController.xib */ = {isa = PBXFileReference; fileEncoding = 4; lastKnownFileType = file.xib; name = LogInSystemViewController.xib; path = Controller/LogInSystemViewController.xib; sourceTree = "<group>"; };
		043DA679198F3E4C000421B9 /* StartViewController.h */ = {isa = PBXFileReference; fileEncoding = 4; lastKnownFileType = sourcecode.c.h; name = StartViewController.h; path = Controller/StartViewController.h; sourceTree = "<group>"; };
		043DA67A198F3E4C000421B9 /* StartViewController.m */ = {isa = PBXFileReference; fileEncoding = 4; lastKnownFileType = sourcecode.c.objc; name = StartViewController.m; path = Controller/StartViewController.m; sourceTree = "<group>"; };
		043DA67B198F3E4C000421B9 /* StartViewController.xib */ = {isa = PBXFileReference; fileEncoding = 4; lastKnownFileType = file.xib; name = StartViewController.xib; path = Controller/StartViewController.xib; sourceTree = "<group>"; };
		043DA67F198F693C000421B9 /* InputQuestionAnswerViewController.h */ = {isa = PBXFileReference; fileEncoding = 4; lastKnownFileType = sourcecode.c.h; name = InputQuestionAnswerViewController.h; path = Controller/InputQuestionAnswerViewController.h; sourceTree = "<group>"; };
		043DA680198F693C000421B9 /* InputQuestionAnswerViewController.m */ = {isa = PBXFileReference; fileEncoding = 4; lastKnownFileType = sourcecode.c.objc; name = InputQuestionAnswerViewController.m; path = Controller/InputQuestionAnswerViewController.m; sourceTree = "<group>"; };
		043DA681198F693C000421B9 /* InputQuestionAnswerViewController.xib */ = {isa = PBXFileReference; fileEncoding = 4; lastKnownFileType = file.xib; name = InputQuestionAnswerViewController.xib; path = Controller/InputQuestionAnswerViewController.xib; sourceTree = "<group>"; };
		04640971199CBCB000E8BA09 /* DigitalTokenView.h */ = {isa = PBXFileReference; fileEncoding = 4; lastKnownFileType = sourcecode.c.h; path = DigitalTokenView.h; sourceTree = "<group>"; };
		04640972199CBCB000E8BA09 /* DigitalTokenView.m */ = {isa = PBXFileReference; fileEncoding = 4; lastKnownFileType = sourcecode.c.objc; path = DigitalTokenView.m; sourceTree = "<group>"; };
		04640974199CC24300E8BA09 /* QuartzCore.framework */ = {isa = PBXFileReference; lastKnownFileType = wrapper.framework; name = QuartzCore.framework; path = System/Library/Frameworks/QuartzCore.framework; sourceTree = SDKROOT; };
		04640977199CC58200E8BA09 /* 0@2x.png */ = {isa = PBXFileReference; lastKnownFileType = image.png; path = "0@2x.png"; sourceTree = "<group>"; };
		04640978199CC58200E8BA09 /* 1@2x.png */ = {isa = PBXFileReference; lastKnownFileType = image.png; path = "1@2x.png"; sourceTree = "<group>"; };
		04640979199CC58200E8BA09 /* 2@2x.png */ = {isa = PBXFileReference; lastKnownFileType = image.png; path = "2@2x.png"; sourceTree = "<group>"; };
		0464097A199CC58200E8BA09 /* 3@2x.png */ = {isa = PBXFileReference; lastKnownFileType = image.png; path = "3@2x.png"; sourceTree = "<group>"; };
		0464097B199CC58200E8BA09 /* 4@2x.png */ = {isa = PBXFileReference; lastKnownFileType = image.png; path = "4@2x.png"; sourceTree = "<group>"; };
		0464097C199CC58200E8BA09 /* 5@2x.png */ = {isa = PBXFileReference; lastKnownFileType = image.png; path = "5@2x.png"; sourceTree = "<group>"; };
		0464097D199CC58200E8BA09 /* 6@2x.png */ = {isa = PBXFileReference; lastKnownFileType = image.png; path = "6@2x.png"; sourceTree = "<group>"; };
		0464097E199CC58200E8BA09 /* 7@2x.png */ = {isa = PBXFileReference; lastKnownFileType = image.png; path = "7@2x.png"; sourceTree = "<group>"; };
		0464097F199CC58200E8BA09 /* 8@2x.png */ = {isa = PBXFileReference; lastKnownFileType = image.png; path = "8@2x.png"; sourceTree = "<group>"; };
		04640980199CC58200E8BA09 /* 9@2x.png */ = {isa = PBXFileReference; lastKnownFileType = image.png; path = "9@2x.png"; sourceTree = "<group>"; };
		0464098B199CCB7300E8BA09 /* DigitalTokenViewController.h */ = {isa = PBXFileReference; fileEncoding = 4; lastKnownFileType = sourcecode.c.h; name = DigitalTokenViewController.h; path = Controller/DigitalTokenViewController.h; sourceTree = "<group>"; };
		0464098C199CCB7300E8BA09 /* DigitalTokenViewController.m */ = {isa = PBXFileReference; fileEncoding = 4; lastKnownFileType = sourcecode.c.objc; name = DigitalTokenViewController.m; path = Controller/DigitalTokenViewController.m; sourceTree = "<group>"; };
		0464098D199CCB7300E8BA09 /* DigitalTokenViewController.xib */ = {isa = PBXFileReference; fileEncoding = 4; lastKnownFileType = file.xib; name = DigitalTokenViewController.xib; path = Controller/DigitalTokenViewController.xib; sourceTree = "<group>"; };
		04EE0EF01999BE8800ADC63D /* DiscountModel.h */ = {isa = PBXFileReference; fileEncoding = 4; lastKnownFileType = sourcecode.c.h; name = DiscountModel.h; path = Model/DiscountModel.h; sourceTree = "<group>"; };
		04EE0EF11999BE8800ADC63D /* DiscountModel.m */ = {isa = PBXFileReference; fileEncoding = 4; lastKnownFileType = sourcecode.c.objc; name = DiscountModel.m; path = Model/DiscountModel.m; sourceTree = "<group>"; };
		04EE0EF41999C08F00ADC63D /* EGOCache.h */ = {isa = PBXFileReference; fileEncoding = 4; lastKnownFileType = sourcecode.c.h; path = EGOCache.h; sourceTree = "<group>"; };
		04EE0EF51999C08F00ADC63D /* EGOCache.m */ = {isa = PBXFileReference; fileEncoding = 4; lastKnownFileType = sourcecode.c.objc; path = EGOCache.m; sourceTree = "<group>"; };
		04EE0EF61999C08F00ADC63D /* EGOImageLoadConnection.h */ = {isa = PBXFileReference; fileEncoding = 4; lastKnownFileType = sourcecode.c.h; path = EGOImageLoadConnection.h; sourceTree = "<group>"; };
		04EE0EF71999C08F00ADC63D /* EGOImageLoadConnection.m */ = {isa = PBXFileReference; fileEncoding = 4; lastKnownFileType = sourcecode.c.objc; path = EGOImageLoadConnection.m; sourceTree = "<group>"; };
		04EE0EF81999C08F00ADC63D /* EGOImageLoader.h */ = {isa = PBXFileReference; fileEncoding = 4; lastKnownFileType = sourcecode.c.h; path = EGOImageLoader.h; sourceTree = "<group>"; };
		04EE0EF91999C08F00ADC63D /* EGOImageLoader.m */ = {isa = PBXFileReference; fileEncoding = 4; lastKnownFileType = sourcecode.c.objc; path = EGOImageLoader.m; sourceTree = "<group>"; };
		04EE0EFA1999C08F00ADC63D /* EGOImageView.h */ = {isa = PBXFileReference; fileEncoding = 4; lastKnownFileType = sourcecode.c.h; path = EGOImageView.h; sourceTree = "<group>"; };
		04EE0EFB1999C08F00ADC63D /* EGOImageView.m */ = {isa = PBXFileReference; fileEncoding = 4; lastKnownFileType = sourcecode.c.objc; path = EGOImageView.m; sourceTree = "<group>"; };
		04EE0F04199A073100ADC63D /* SystemConfiguration.framework */ = {isa = PBXFileReference; lastKnownFileType = wrapper.framework; name = SystemConfiguration.framework; path = System/Library/Frameworks/SystemConfiguration.framework; sourceTree = SDKROOT; };
		04EE0F06199A073800ADC63D /* MobileCoreServices.framework */ = {isa = PBXFileReference; lastKnownFileType = wrapper.framework; name = MobileCoreServices.framework; path = System/Library/Frameworks/MobileCoreServices.framework; sourceTree = SDKROOT; };
		04EE0F08199A074F00ADC63D /* libz.1.2.5.dylib */ = {isa = PBXFileReference; lastKnownFileType = "compiled.mach-o.dylib"; name = libz.1.2.5.dylib; path = usr/lib/libz.1.2.5.dylib; sourceTree = SDKROOT; };
		04EE0F0C199A07CF00ADC63D /* BaseInterface.h */ = {isa = PBXFileReference; fileEncoding = 4; lastKnownFileType = sourcecode.c.h; path = BaseInterface.h; sourceTree = "<group>"; };
		04EE0F0D199A07CF00ADC63D /* BaseInterface.m */ = {isa = PBXFileReference; fileEncoding = 4; lastKnownFileType = sourcecode.c.objc; path = BaseInterface.m; sourceTree = "<group>"; };
		04EE0F10199A07E200ADC63D /* ASIAuthenticationDialog.h */ = {isa = PBXFileReference; fileEncoding = 4; lastKnownFileType = sourcecode.c.h; path = ASIAuthenticationDialog.h; sourceTree = "<group>"; };
		04EE0F11199A07E200ADC63D /* ASIAuthenticationDialog.m */ = {isa = PBXFileReference; fileEncoding = 4; lastKnownFileType = sourcecode.c.objc; path = ASIAuthenticationDialog.m; sourceTree = "<group>"; };
		04EE0F12199A07E200ADC63D /* ASICacheDelegate.h */ = {isa = PBXFileReference; fileEncoding = 4; lastKnownFileType = sourcecode.c.h; path = ASICacheDelegate.h; sourceTree = "<group>"; };
		04EE0F13199A07E200ADC63D /* ASIDataCompressor.h */ = {isa = PBXFileReference; fileEncoding = 4; lastKnownFileType = sourcecode.c.h; path = ASIDataCompressor.h; sourceTree = "<group>"; };
		04EE0F14199A07E200ADC63D /* ASIDataCompressor.m */ = {isa = PBXFileReference; fileEncoding = 4; lastKnownFileType = sourcecode.c.objc; path = ASIDataCompressor.m; sourceTree = "<group>"; };
		04EE0F15199A07E200ADC63D /* ASIDataDecompressor.h */ = {isa = PBXFileReference; fileEncoding = 4; lastKnownFileType = sourcecode.c.h; path = ASIDataDecompressor.h; sourceTree = "<group>"; };
		04EE0F16199A07E200ADC63D /* ASIDataDecompressor.m */ = {isa = PBXFileReference; fileEncoding = 4; lastKnownFileType = sourcecode.c.objc; path = ASIDataDecompressor.m; sourceTree = "<group>"; };
		04EE0F17199A07E200ADC63D /* ASIDownloadCache.h */ = {isa = PBXFileReference; fileEncoding = 4; lastKnownFileType = sourcecode.c.h; path = ASIDownloadCache.h; sourceTree = "<group>"; };
		04EE0F18199A07E200ADC63D /* ASIDownloadCache.m */ = {isa = PBXFileReference; fileEncoding = 4; lastKnownFileType = sourcecode.c.objc; path = ASIDownloadCache.m; sourceTree = "<group>"; };
		04EE0F19199A07E200ADC63D /* ASIFormDataRequest.h */ = {isa = PBXFileReference; fileEncoding = 4; lastKnownFileType = sourcecode.c.h; path = ASIFormDataRequest.h; sourceTree = "<group>"; };
		04EE0F1A199A07E200ADC63D /* ASIFormDataRequest.m */ = {isa = PBXFileReference; fileEncoding = 4; lastKnownFileType = sourcecode.c.objc; path = ASIFormDataRequest.m; sourceTree = "<group>"; };
		04EE0F1B199A07E200ADC63D /* ASIHTTPRequest.h */ = {isa = PBXFileReference; fileEncoding = 4; lastKnownFileType = sourcecode.c.h; path = ASIHTTPRequest.h; sourceTree = "<group>"; };
		04EE0F1C199A07E200ADC63D /* ASIHTTPRequest.m */ = {isa = PBXFileReference; fileEncoding = 4; lastKnownFileType = sourcecode.c.objc; path = ASIHTTPRequest.m; sourceTree = "<group>"; };
		04EE0F1D199A07E200ADC63D /* ASIHTTPRequestConfig.h */ = {isa = PBXFileReference; fileEncoding = 4; lastKnownFileType = sourcecode.c.h; path = ASIHTTPRequestConfig.h; sourceTree = "<group>"; };
		04EE0F1E199A07E200ADC63D /* ASIHTTPRequestDelegate.h */ = {isa = PBXFileReference; fileEncoding = 4; lastKnownFileType = sourcecode.c.h; path = ASIHTTPRequestDelegate.h; sourceTree = "<group>"; };
		04EE0F1F199A07E200ADC63D /* ASIInputStream.h */ = {isa = PBXFileReference; fileEncoding = 4; lastKnownFileType = sourcecode.c.h; path = ASIInputStream.h; sourceTree = "<group>"; };
		04EE0F20199A07E200ADC63D /* ASIInputStream.m */ = {isa = PBXFileReference; fileEncoding = 4; lastKnownFileType = sourcecode.c.objc; path = ASIInputStream.m; sourceTree = "<group>"; };
		04EE0F21199A07E200ADC63D /* ASINetworkQueue.h */ = {isa = PBXFileReference; fileEncoding = 4; lastKnownFileType = sourcecode.c.h; path = ASINetworkQueue.h; sourceTree = "<group>"; };
		04EE0F22199A07E200ADC63D /* ASINetworkQueue.m */ = {isa = PBXFileReference; fileEncoding = 4; lastKnownFileType = sourcecode.c.objc; path = ASINetworkQueue.m; sourceTree = "<group>"; };
		04EE0F23199A07E200ADC63D /* ASIProgressDelegate.h */ = {isa = PBXFileReference; fileEncoding = 4; lastKnownFileType = sourcecode.c.h; path = ASIProgressDelegate.h; sourceTree = "<group>"; };
		04EE0F2D199A081100ADC63D /* JSONKit.h */ = {isa = PBXFileReference; fileEncoding = 4; lastKnownFileType = sourcecode.c.h; path = JSONKit.h; sourceTree = "<group>"; };
		04EE0F2E199A081100ADC63D /* JSONKit.m */ = {isa = PBXFileReference; fileEncoding = 4; lastKnownFileType = sourcecode.c.objc; path = JSONKit.m; sourceTree = "<group>"; };
		04EE0F32199A0ABB00ADC63D /* UploadScanResultInterface.h */ = {isa = PBXFileReference; fileEncoding = 4; lastKnownFileType = sourcecode.c.h; path = UploadScanResultInterface.h; sourceTree = "<group>"; };
		04EE0F33199A0ABB00ADC63D /* UploadScanResultInterface.m */ = {isa = PBXFileReference; fileEncoding = 4; lastKnownFileType = sourcecode.c.objc; path = UploadScanResultInterface.m; sourceTree = "<group>"; };
		04EE0F38199A0E8E00ADC63D /* Reachability.h */ = {isa = PBXFileReference; fileEncoding = 4; lastKnownFileType = sourcecode.c.h; path = Reachability.h; sourceTree = "<group>"; };
		04EE0F39199A0E8E00ADC63D /* Reachability.m */ = {isa = PBXFileReference; fileEncoding = 4; lastKnownFileType = sourcecode.c.objc; path = Reachability.m; sourceTree = "<group>"; };
		04EE0FB5199A233300ADC63D /* BindPhoneInterface.h */ = {isa = PBXFileReference; fileEncoding = 4; lastKnownFileType = sourcecode.c.h; path = BindPhoneInterface.h; sourceTree = "<group>"; };
		04EE0FB6199A233300ADC63D /* BindPhoneInterface.m */ = {isa = PBXFileReference; fileEncoding = 4; lastKnownFileType = sourcecode.c.objc; path = BindPhoneInterface.m; sourceTree = "<group>"; };
		04EE0FBE199A298600ADC63D /* SystemModel.h */ = {isa = PBXFileReference; fileEncoding = 4; lastKnownFileType = sourcecode.c.h; name = SystemModel.h; path = Model/SystemModel.h; sourceTree = "<group>"; };
		04EE0FBF199A298600ADC63D /* SystemModel.m */ = {isa = PBXFileReference; fileEncoding = 4; lastKnownFileType = sourcecode.c.objc; name = SystemModel.m; path = Model/SystemModel.m; sourceTree = "<group>"; };
		04EE0FC1199A2C9700ADC63D /* AccountModel.h */ = {isa = PBXFileReference; fileEncoding = 4; lastKnownFileType = sourcecode.c.h; name = AccountModel.h; path = Model/AccountModel.h; sourceTree = "<group>"; };
		04EE0FC2199A2C9700ADC63D /* AccountModel.m */ = {isa = PBXFileReference; fileEncoding = 4; lastKnownFileType = sourcecode.c.objc; name = AccountModel.m; path = Model/AccountModel.m; sourceTree = "<group>"; };
		04EE0FC4199A2F0B00ADC63D /* ConnecteSuccessViewController.h */ = {isa = PBXFileReference; fileEncoding = 4; lastKnownFileType = sourcecode.c.h; name = ConnecteSuccessViewController.h; path = Controller/ConnecteSuccessViewController.h; sourceTree = "<group>"; };
		04EE0FC5199A2F0B00ADC63D /* ConnecteSuccessViewController.m */ = {isa = PBXFileReference; fileEncoding = 4; lastKnownFileType = sourcecode.c.objc; name = ConnecteSuccessViewController.m; path = Controller/ConnecteSuccessViewController.m; sourceTree = "<group>"; };
		04EE0FC6199A2F0B00ADC63D /* ConnecteSuccessViewController.xib */ = {isa = PBXFileReference; fileEncoding = 4; lastKnownFileType = file.xib; name = ConnecteSuccessViewController.xib; path = Controller/ConnecteSuccessViewController.xib; sourceTree = "<group>"; };
		04F02550198CC6600017665A /* VLingPai.app */ = {isa = PBXFileReference; explicitFileType = wrapper.application; includeInIndex = 0; path = VLingPai.app; sourceTree = BUILT_PRODUCTS_DIR; };
		04F02553198CC6600017665A /* Foundation.framework */ = {isa = PBXFileReference; lastKnownFileType = wrapper.framework; name = Foundation.framework; path = System/Library/Frameworks/Foundation.framework; sourceTree = SDKROOT; };
		04F02555198CC6600017665A /* CoreGraphics.framework */ = {isa = PBXFileReference; lastKnownFileType = wrapper.framework; name = CoreGraphics.framework; path = System/Library/Frameworks/CoreGraphics.framework; sourceTree = SDKROOT; };
		04F02557198CC6600017665A /* UIKit.framework */ = {isa = PBXFileReference; lastKnownFileType = wrapper.framework; name = UIKit.framework; path = System/Library/Frameworks/UIKit.framework; sourceTree = SDKROOT; };
		04F0255B198CC6600017665A /* VLingPai-Info.plist */ = {isa = PBXFileReference; lastKnownFileType = text.plist.xml; path = "VLingPai-Info.plist"; sourceTree = "<group>"; };
		04F0255D198CC6600017665A /* en */ = {isa = PBXFileReference; lastKnownFileType = text.plist.strings; name = en; path = en.lproj/InfoPlist.strings; sourceTree = "<group>"; };
		04F0255F198CC6600017665A /* main.mm */ = {isa = PBXFileReference; lastKnownFileType = sourcecode.cpp.objcpp; path = main.mm; sourceTree = "<group>"; };
		04F02561198CC6600017665A /* VLingPai-Prefix.pch */ = {isa = PBXFileReference; lastKnownFileType = sourcecode.c.h; path = "VLingPai-Prefix.pch"; sourceTree = "<group>"; };
		04F02562198CC6600017665A /* AppDelegate.h */ = {isa = PBXFileReference; lastKnownFileType = sourcecode.c.h; path = AppDelegate.h; sourceTree = "<group>"; };
		04F02563198CC6600017665A /* AppDelegate.m */ = {isa = PBXFileReference; lastKnownFileType = sourcecode.c.objc; path = AppDelegate.m; sourceTree = "<group>"; };
		04F02565198CC6600017665A /* Images.xcassets */ = {isa = PBXFileReference; lastKnownFileType = folder.assetcatalog; path = Images.xcassets; sourceTree = "<group>"; };
		04F0256B198CC6600017665A /* VLingPaiTests.xctest */ = {isa = PBXFileReference; explicitFileType = wrapper.cfbundle; includeInIndex = 0; path = VLingPaiTests.xctest; sourceTree = BUILT_PRODUCTS_DIR; };
		04F0256C198CC6600017665A /* XCTest.framework */ = {isa = PBXFileReference; lastKnownFileType = wrapper.framework; name = XCTest.framework; path = Library/Frameworks/XCTest.framework; sourceTree = DEVELOPER_DIR; };
		04F02574198CC6600017665A /* VLingPaiTests-Info.plist */ = {isa = PBXFileReference; lastKnownFileType = text.plist.xml; path = "VLingPaiTests-Info.plist"; sourceTree = "<group>"; };
		04F02576198CC6600017665A /* en */ = {isa = PBXFileReference; lastKnownFileType = text.plist.strings; name = en; path = en.lproj/InfoPlist.strings; sourceTree = "<group>"; };
		04F02578198CC6600017665A /* VLingPaiTests.m */ = {isa = PBXFileReference; lastKnownFileType = sourcecode.c.objc; path = VLingPaiTests.m; sourceTree = "<group>"; };
		04F02589198CCE2C0017665A /* FirstViewController.h */ = {isa = PBXFileReference; fileEncoding = 4; lastKnownFileType = sourcecode.c.h; name = FirstViewController.h; path = Controller/FirstViewController.h; sourceTree = "<group>"; };
		04F0258A198CCE2C0017665A /* FirstViewController.m */ = {isa = PBXFileReference; fileEncoding = 4; lastKnownFileType = sourcecode.c.objc; name = FirstViewController.m; path = Controller/FirstViewController.m; sourceTree = "<group>"; };
		04F0258B198CCE2C0017665A /* FirstViewController.xib */ = {isa = PBXFileReference; fileEncoding = 4; lastKnownFileType = file.xib; name = FirstViewController.xib; path = Controller/FirstViewController.xib; sourceTree = "<group>"; };
		04F025A2198CD5490017665A /* ImportPhoneNumberViewController.h */ = {isa = PBXFileReference; fileEncoding = 4; lastKnownFileType = sourcecode.c.h; name = ImportPhoneNumberViewController.h; path = Controller/ImportPhoneNumberViewController.h; sourceTree = "<group>"; };
		04F025A3198CD5490017665A /* ImportPhoneNumberViewController.m */ = {isa = PBXFileReference; fileEncoding = 4; lastKnownFileType = sourcecode.c.objc; name = ImportPhoneNumberViewController.m; path = Controller/ImportPhoneNumberViewController.m; sourceTree = "<group>"; };
		04F025A4198CD5490017665A /* ImportPhoneNumberViewController.xib */ = {isa = PBXFileReference; fileEncoding = 4; lastKnownFileType = file.xib; name = ImportPhoneNumberViewController.xib; path = Controller/ImportPhoneNumberViewController.xib; sourceTree = "<group>"; };
		04F025A7198CD5770017665A /* VerificationViewController.h */ = {isa = PBXFileReference; fileEncoding = 4; lastKnownFileType = sourcecode.c.h; name = VerificationViewController.h; path = Controller/VerificationViewController.h; sourceTree = "<group>"; };
		04F025A8198CD5770017665A /* VerificationViewController.mm */ = {isa = PBXFileReference; fileEncoding = 4; lastKnownFileType = sourcecode.cpp.objcpp; name = VerificationViewController.mm; path = Controller/VerificationViewController.mm; sourceTree = "<group>"; };
		04F025A9198CD5770017665A /* VerificationViewController.xib */ = {isa = PBXFileReference; fileEncoding = 4; lastKnownFileType = file.xib; name = VerificationViewController.xib; path = Controller/VerificationViewController.xib; sourceTree = "<group>"; };
		04F025AC198CD58D0017665A /* DiscountViewController.h */ = {isa = PBXFileReference; fileEncoding = 4; lastKnownFileType = sourcecode.c.h; name = DiscountViewController.h; path = Controller/DiscountViewController.h; sourceTree = "<group>"; };
		04F025AD198CD58D0017665A /* DiscountViewController.m */ = {isa = PBXFileReference; fileEncoding = 4; lastKnownFileType = sourcecode.c.objc; name = DiscountViewController.m; path = Controller/DiscountViewController.m; sourceTree = "<group>"; };
		04F025AE198CD58D0017665A /* DiscountViewController.xib */ = {isa = PBXFileReference; fileEncoding = 4; lastKnownFileType = file.xib; name = DiscountViewController.xib; path = Controller/DiscountViewController.xib; sourceTree = "<group>"; };
		04F025B1198CD59F0017665A /* SettingViewController.h */ = {isa = PBXFileReference; fileEncoding = 4; lastKnownFileType = sourcecode.c.h; name = SettingViewController.h; path = Controller/SettingViewController.h; sourceTree = "<group>"; };
		04F025B2198CD59F0017665A /* SettingViewController.m */ = {isa = PBXFileReference; fileEncoding = 4; lastKnownFileType = sourcecode.c.objc; name = SettingViewController.m; path = Controller/SettingViewController.m; sourceTree = "<group>"; };
		04F025B3198CD59F0017665A /* SettingViewController.xib */ = {isa = PBXFileReference; fileEncoding = 4; lastKnownFileType = file.xib; name = SettingViewController.xib; path = Controller/SettingViewController.xib; sourceTree = "<group>"; };
		04F025C2198CD6F90017665A /* StartSetPasswordViewController.h */ = {isa = PBXFileReference; fileEncoding = 4; lastKnownFileType = sourcecode.c.h; name = StartSetPasswordViewController.h; path = Controller/StartSetPasswordViewController.h; sourceTree = "<group>"; };
		04F025C3198CD6F90017665A /* StartSetPasswordViewController.m */ = {isa = PBXFileReference; fileEncoding = 4; lastKnownFileType = sourcecode.c.objc; name = StartSetPasswordViewController.m; path = Controller/StartSetPasswordViewController.m; sourceTree = "<group>"; };
		04F025C4198CD6F90017665A /* StartSetPasswordViewController.xib */ = {isa = PBXFileReference; fileEncoding = 4; lastKnownFileType = file.xib; name = StartSetPasswordViewController.xib; path = Controller/StartSetPasswordViewController.xib; sourceTree = "<group>"; };
		04F025C7198CD7680017665A /* SetStartPasswordViewController.h */ = {isa = PBXFileReference; fileEncoding = 4; lastKnownFileType = sourcecode.c.h; name = SetStartPasswordViewController.h; path = Controller/SetStartPasswordViewController.h; sourceTree = "<group>"; };
		04F025C8198CD7680017665A /* SetStartPasswordViewController.m */ = {isa = PBXFileReference; fileEncoding = 4; lastKnownFileType = sourcecode.c.objc; name = SetStartPasswordViewController.m; path = Controller/SetStartPasswordViewController.m; sourceTree = "<group>"; };
		04F025C9198CD7680017665A /* SetStartPasswordViewController.xib */ = {isa = PBXFileReference; fileEncoding = 4; lastKnownFileType = file.xib; name = SetStartPasswordViewController.xib; path = Controller/SetStartPasswordViewController.xib; sourceTree = "<group>"; };
		04F025CC198CD7AB0017665A /* SetQuestionViewController.h */ = {isa = PBXFileReference; fileEncoding = 4; lastKnownFileType = sourcecode.c.h; name = SetQuestionViewController.h; path = Controller/SetQuestionViewController.h; sourceTree = "<group>"; };
		04F025CD198CD7AB0017665A /* SetQuestionViewController.m */ = {isa = PBXFileReference; fileEncoding = 4; lastKnownFileType = sourcecode.c.objc; name = SetQuestionViewController.m; path = Controller/SetQuestionViewController.m; sourceTree = "<group>"; };
		04F025CE198CD7AB0017665A /* SetQuestionViewController.xib */ = {isa = PBXFileReference; fileEncoding = 4; lastKnownFileType = file.xib; name = SetQuestionViewController.xib; path = Controller/SetQuestionViewController.xib; sourceTree = "<group>"; };
		04F025D3198CDA5C0017665A /* setting_startsetpassword_img@2x.png */ = {isa = PBXFileReference; lastKnownFileType = image.png; path = "setting_startsetpassword_img@2x.png"; sourceTree = "<group>"; };
		04F4C3DA199B048300FCBC6F /* 37x-Checkmark_wrong@2x.png */ = {isa = PBXFileReference; lastKnownFileType = image.png; path = "37x-Checkmark_wrong@2x.png"; sourceTree = "<group>"; };
		04F4C3DE199B16BC00FCBC6F /* ScanLoginInterface.h */ = {isa = PBXFileReference; fileEncoding = 4; lastKnownFileType = sourcecode.c.h; path = ScanLoginInterface.h; sourceTree = "<group>"; };
		04F4C3DF199B16BC00FCBC6F /* ScanLoginInterface.m */ = {isa = PBXFileReference; fileEncoding = 4; lastKnownFileType = sourcecode.c.objc; path = ScanLoginInterface.m; sourceTree = "<group>"; };
		04F4C3E1199B45B300FCBC6F /* ScanBindAccountInterface.h */ = {isa = PBXFileReference; fileEncoding = 4; lastKnownFileType = sourcecode.c.h; path = ScanBindAccountInterface.h; sourceTree = "<group>"; };
		04F4C3E2199B45B300FCBC6F /* ScanBindAccountInterface.m */ = {isa = PBXFileReference; fileEncoding = 4; lastKnownFileType = sourcecode.c.objc; path = ScanBindAccountInterface.m; sourceTree = "<group>"; };
		04F4C439199B5A1A00FCBC6F /* AsyncUdpSocket.h */ = {isa = PBXFileReference; fileEncoding = 4; lastKnownFileType = sourcecode.c.h; path = AsyncUdpSocket.h; sourceTree = "<group>"; };
		04F4C43A199B5A1A00FCBC6F /* AsyncUdpSocket.m */ = {isa = PBXFileReference; fileEncoding = 4; lastKnownFileType = sourcecode.c.objc; path = AsyncUdpSocket.m; sourceTree = "<group>"; };
		04F4C43B199B5A1A00FCBC6F /* ios-ntp.h */ = {isa = PBXFileReference; fileEncoding = 4; lastKnownFileType = sourcecode.c.h; path = "ios-ntp.h"; sourceTree = "<group>"; };
		04F4C43C199B5A1A00FCBC6F /* NetAssociation.h */ = {isa = PBXFileReference; fileEncoding = 4; lastKnownFileType = sourcecode.c.h; path = NetAssociation.h; sourceTree = "<group>"; };
		04F4C43D199B5A1A00FCBC6F /* NetAssociation.m */ = {isa = PBXFileReference; fileEncoding = 4; lastKnownFileType = sourcecode.c.objc; path = NetAssociation.m; sourceTree = "<group>"; };
		04F4C43E199B5A1A00FCBC6F /* NetworkClock.h */ = {isa = PBXFileReference; fileEncoding = 4; lastKnownFileType = sourcecode.c.h; path = NetworkClock.h; sourceTree = "<group>"; };
		04F4C43F199B5A1A00FCBC6F /* NetworkClock.m */ = {isa = PBXFileReference; fileEncoding = 4; lastKnownFileType = sourcecode.c.objc; path = NetworkClock.m; sourceTree = "<group>"; };
		04F4C440199B5A1A00FCBC6F /* SynthesizeSingleton.h */ = {isa = PBXFileReference; fileEncoding = 4; lastKnownFileType = sourcecode.c.h; path = SynthesizeSingleton.h; sourceTree = "<group>"; };
		04F4C444199B5EA800FCBC6F /* ScanLoginCancelInterface.h */ = {isa = PBXFileReference; fileEncoding = 4; lastKnownFileType = sourcecode.c.h; path = ScanLoginCancelInterface.h; sourceTree = "<group>"; };
		04F4C445199B5EA800FCBC6F /* ScanLoginCancelInterface.m */ = {isa = PBXFileReference; fileEncoding = 4; lastKnownFileType = sourcecode.c.objc; path = ScanLoginCancelInterface.m; sourceTree = "<group>"; };
		04F4C487199B648000FCBC6F /* OneClickInterface.h */ = {isa = PBXFileReference; fileEncoding = 4; lastKnownFileType = sourcecode.c.h; path = OneClickInterface.h; sourceTree = "<group>"; };
		04F4C488199B648000FCBC6F /* OneClickInterface.m */ = {isa = PBXFileReference; fileEncoding = 4; lastKnownFileType = sourcecode.c.objc; path = OneClickInterface.m; sourceTree = "<group>"; };
		04F4C48D199B6D1400FCBC6F /* OneClickViewController.h */ = {isa = PBXFileReference; fileEncoding = 4; lastKnownFileType = sourcecode.c.h; name = OneClickViewController.h; path = Controller/OneClickViewController.h; sourceTree = "<group>"; };
		04F4C48E199B6D1400FCBC6F /* OneClickViewController.m */ = {isa = PBXFileReference; fileEncoding = 4; lastKnownFileType = sourcecode.c.objc; name = OneClickViewController.m; path = Controller/OneClickViewController.m; sourceTree = "<group>"; };
		04F4C48F199B6D1400FCBC6F /* OneClickViewController.xib */ = {isa = PBXFileReference; fileEncoding = 4; lastKnownFileType = file.xib; name = OneClickViewController.xib; path = Controller/OneClickViewController.xib; sourceTree = "<group>"; };
		04F4C492199B6D2F00FCBC6F /* AccountAndSystemModel.h */ = {isa = PBXFileReference; fileEncoding = 4; lastKnownFileType = sourcecode.c.h; name = AccountAndSystemModel.h; path = Model/AccountAndSystemModel.h; sourceTree = "<group>"; };
		04F4C493199B6D2F00FCBC6F /* AccountAndSystemModel.m */ = {isa = PBXFileReference; fileEncoding = 4; lastKnownFileType = sourcecode.c.objc; name = AccountAndSystemModel.m; path = Model/AccountAndSystemModel.m; sourceTree = "<group>"; };
		04F4C495199B6E4500FCBC6F /* OneClickListViewController.h */ = {isa = PBXFileReference; fileEncoding = 4; lastKnownFileType = sourcecode.c.h; name = OneClickListViewController.h; path = Controller/OneClickListViewController.h; sourceTree = "<group>"; };
		04F4C496199B6E4500FCBC6F /* OneClickListViewController.m */ = {isa = PBXFileReference; fileEncoding = 4; lastKnownFileType = sourcecode.c.objc; name = OneClickListViewController.m; path = Controller/OneClickListViewController.m; sourceTree = "<group>"; };
		04F4C497199B6E4500FCBC6F /* OneClickListViewController.xib */ = {isa = PBXFileReference; fileEncoding = 4; lastKnownFileType = file.xib; name = OneClickListViewController.xib; path = Controller/OneClickListViewController.xib; sourceTree = "<group>"; };
		04F4C49B199B6F6000FCBC6F /* DiscountViewCell.h */ = {isa = PBXFileReference; fileEncoding = 4; lastKnownFileType = sourcecode.c.h; path = DiscountViewCell.h; sourceTree = "<group>"; };
		04F4C49C199B6F6000FCBC6F /* DiscountViewCell.m */ = {isa = PBXFileReference; fileEncoding = 4; lastKnownFileType = sourcecode.c.objc; path = DiscountViewCell.m; sourceTree = "<group>"; };
		04F4C49D199B6F6000FCBC6F /* DiscountViewCell.xib */ = {isa = PBXFileReference; fileEncoding = 4; lastKnownFileType = file.xib; path = DiscountViewCell.xib; sourceTree = "<group>"; };
		04F4C4A0199B6F9600FCBC6F /* OneClickListViewCell.h */ = {isa = PBXFileReference; fileEncoding = 4; lastKnownFileType = sourcecode.c.h; path = OneClickListViewCell.h; sourceTree = "<group>"; };
		04F4C4A1199B6F9600FCBC6F /* OneClickListViewCell.m */ = {isa = PBXFileReference; fileEncoding = 4; lastKnownFileType = sourcecode.c.objc; path = OneClickListViewCell.m; sourceTree = "<group>"; };
		04F4C4A2199B6F9600FCBC6F /* OneClickListViewCell.xib */ = {isa = PBXFileReference; fileEncoding = 4; lastKnownFileType = file.xib; path = OneClickListViewCell.xib; sourceTree = "<group>"; };
		04FAE3131993970100EAFFFF /* base32.c */ = {isa = PBXFileReference; fileEncoding = 4; lastKnownFileType = sourcecode.c.c; path = base32.c; sourceTree = "<group>"; };
		04FAE3141993970100EAFFFF /* base32.h */ = {isa = PBXFileReference; fileEncoding = 4; lastKnownFileType = sourcecode.c.h; path = base32.h; sourceTree = "<group>"; };
		04FAE3151993970100EAFFFF /* tempOTPImage.png */ = {isa = PBXFileReference; lastKnownFileType = image.png; path = tempOTPImage.png; sourceTree = "<group>"; };
		04FAE3161993970100EAFFFF /* Token.h */ = {isa = PBXFileReference; fileEncoding = 4; lastKnownFileType = sourcecode.c.h; path = Token.h; sourceTree = "<group>"; };
		04FAE3171993970100EAFFFF /* Token.m */ = {isa = PBXFileReference; fileEncoding = 4; lastKnownFileType = sourcecode.c.objc; path = Token.m; sourceTree = "<group>"; };
		04FAE3181993970100EAFFFF /* TokenCode.h */ = {isa = PBXFileReference; fileEncoding = 4; lastKnownFileType = sourcecode.c.h; path = TokenCode.h; sourceTree = "<group>"; };
		04FAE3191993970100EAFFFF /* TokenCode.m */ = {isa = PBXFileReference; fileEncoding = 4; lastKnownFileType = sourcecode.c.objc; path = TokenCode.m; sourceTree = "<group>"; };
		04FAE31A1993970100EAFFFF /* TokenStore.h */ = {isa = PBXFileReference; fileEncoding = 4; lastKnownFileType = sourcecode.c.h; path = TokenStore.h; sourceTree = "<group>"; };
		04FAE31B1993970100EAFFFF /* TokenStore.m */ = {isa = PBXFileReference; fileEncoding = 4; lastKnownFileType = sourcecode.c.objc; path = TokenStore.m; sourceTree = "<group>"; };
		04FE1F4B198F244900F41BE0 /* dot_off.png */ = {isa = PBXFileReference; lastKnownFileType = image.png; path = dot_off.png; sourceTree = "<group>"; };
		04FE1F4C198F244900F41BE0 /* dot_on.png */ = {isa = PBXFileReference; lastKnownFileType = image.png; path = dot_on.png; sourceTree = "<group>"; };
		04FE1F4D198F244900F41BE0 /* LockView.h */ = {isa = PBXFileReference; fileEncoding = 4; lastKnownFileType = sourcecode.c.h; path = LockView.h; sourceTree = "<group>"; };
		04FE1F4E198F244900F41BE0 /* LockView.m */ = {isa = PBXFileReference; fileEncoding = 4; lastKnownFileType = sourcecode.c.objc; path = LockView.m; sourceTree = "<group>"; };
		04FE1F4F198F244900F41BE0 /* LockViewController.h */ = {isa = PBXFileReference; fileEncoding = 4; lastKnownFileType = sourcecode.c.h; path = LockViewController.h; sourceTree = "<group>"; };
		04FE1F50198F244900F41BE0 /* LockViewController.m */ = {isa = PBXFileReference; fileEncoding = 4; lastKnownFileType = sourcecode.c.objc; path = LockViewController.m; sourceTree = "<group>"; };
		04FE1F56198F2BF100F41BE0 /* MBProgressHUD.h */ = {isa = PBXFileReference; fileEncoding = 4; lastKnownFileType = sourcecode.c.h; path = MBProgressHUD.h; sourceTree = "<group>"; };
		04FE1F57198F2BF100F41BE0 /* MBProgressHUD.m */ = {isa = PBXFileReference; fileEncoding = 4; lastKnownFileType = sourcecode.c.objc; path = MBProgressHUD.m; sourceTree = "<group>"; };
		04FE1F59198F2CB500F41BE0 /* 37x-Checkmark.png */ = {isa = PBXFileReference; lastKnownFileType = image.png; path = "37x-Checkmark.png"; sourceTree = "<group>"; };
		04FE1F5A198F2CB500F41BE0 /* 37x-Checkmark@2x.png */ = {isa = PBXFileReference; lastKnownFileType = image.png; path = "37x-Checkmark@2x.png"; sourceTree = "<group>"; };
/* End PBXFileReference section */

/* Begin PBXFrameworksBuildPhase section */
		04F0254D198CC6600017665A /* Frameworks */ = {
			isa = PBXFrameworksBuildPhase;
			buildActionMask = 2147483647;
			files = (
				04640975199CC24300E8BA09 /* QuartzCore.framework in Frameworks */,
				04EE0F09199A074F00ADC63D /* libz.1.2.5.dylib in Frameworks */,
				04F02556198CC6600017665A /* CoreGraphics.framework in Frameworks */,
				04EE0F07199A073800ADC63D /* MobileCoreServices.framework in Frameworks */,
				04EE0F05199A073100ADC63D /* SystemConfiguration.framework in Frameworks */,
				042D44151991D26000AA0A0A /* libZXingWidget.a in Frameworks */,
				042D44081991CE5400AA0A0A /* libiconv.dylib in Frameworks */,
				042D44061991CE4400AA0A0A /* CoreMedia.framework in Frameworks */,
				042D44041991CE3C00AA0A0A /* CoreVideo.framework in Frameworks */,
				042D44021991CE3500AA0A0A /* AudioToolbox.framework in Frameworks */,
				042D44001991CE2D00AA0A0A /* AVFoundation.framework in Frameworks */,
				040E50011990D6330023FD80 /* CFNetwork.framework in Frameworks */,
				040E4F6E199076FA0023FD80 /* libicucore.dylib in Frameworks */,
				04F02558198CC6600017665A /* UIKit.framework in Frameworks */,
				04F02554198CC6600017665A /* Foundation.framework in Frameworks */,
			);
			runOnlyForDeploymentPostprocessing = 0;
		};
		04F02568198CC6600017665A /* Frameworks */ = {
			isa = PBXFrameworksBuildPhase;
			buildActionMask = 2147483647;
			files = (
				04F0256D198CC6600017665A /* XCTest.framework in Frameworks */,
				04F0256F198CC6600017665A /* UIKit.framework in Frameworks */,
				04F0256E198CC6600017665A /* Foundation.framework in Frameworks */,
			);
			runOnlyForDeploymentPostprocessing = 0;
		};
/* End PBXFrameworksBuildPhase section */

/* Begin PBXGroup section */
		040E4F69199075E20023FD80 /* RegexKitLite */ = {
			isa = PBXGroup;
			children = (
				040E4F6A199075E20023FD80 /* RegexKitLite.h */,
				040E4F6B199075E20023FD80 /* RegexKitLite.m */,
			);
			name = RegexKitLite;
			path = Third/RegexKitLite;
			sourceTree = "<group>";
		};
		040E4FFD1990D6290023FD80 /* NTP */ = {
			isa = PBXGroup;
			children = (
				04F4C439199B5A1A00FCBC6F /* AsyncUdpSocket.h */,
				04F4C43A199B5A1A00FCBC6F /* AsyncUdpSocket.m */,
				04F4C43B199B5A1A00FCBC6F /* ios-ntp.h */,
				04F4C43C199B5A1A00FCBC6F /* NetAssociation.h */,
				04F4C43D199B5A1A00FCBC6F /* NetAssociation.m */,
				04F4C43E199B5A1A00FCBC6F /* NetworkClock.h */,
				04F4C43F199B5A1A00FCBC6F /* NetworkClock.m */,
				04F4C440199B5A1A00FCBC6F /* SynthesizeSingleton.h */,
			);
			name = NTP;
			path = Third/NTP;
			sourceTree = "<group>";
		};
		042D41DE1991CDE000AA0A0A /* Zxing */ = {
			isa = PBXGroup;
			children = (
				042D440B1991D0DF00AA0A0A /* ZXingWidget.xcodeproj */,
			);
			name = Zxing;
			path = Third/Zxing;
			sourceTree = "<group>";
		};
		042D440C1991D0DF00AA0A0A /* Products */ = {
			isa = PBXGroup;
			children = (
				042D44111991D0DF00AA0A0A /* libZXingWidget.a */,
				042D44131991D0DF00AA0A0A /* ZXingTests.octest */,
			);
			name = Products;
			sourceTree = "<group>";
		};
		043DA67E198F3E52000421B9 /* Start */ = {
			isa = PBXGroup;
			children = (
				043DA67F198F693C000421B9 /* InputQuestionAnswerViewController.h */,
				043DA680198F693C000421B9 /* InputQuestionAnswerViewController.m */,
				043DA681198F693C000421B9 /* InputQuestionAnswerViewController.xib */,
			);
			name = Start;
			sourceTree = "<group>";
		};
		04640976199CC58200E8BA09 /* 0-9 */ = {
			isa = PBXGroup;
			children = (
				04640977199CC58200E8BA09 /* 0@2x.png */,
				04640978199CC58200E8BA09 /* 1@2x.png */,
				04640979199CC58200E8BA09 /* 2@2x.png */,
				0464097A199CC58200E8BA09 /* 3@2x.png */,
				0464097B199CC58200E8BA09 /* 4@2x.png */,
				0464097C199CC58200E8BA09 /* 5@2x.png */,
				0464097D199CC58200E8BA09 /* 6@2x.png */,
				0464097E199CC58200E8BA09 /* 7@2x.png */,
				0464097F199CC58200E8BA09 /* 8@2x.png */,
				04640980199CC58200E8BA09 /* 9@2x.png */,
			);
			path = "0-9";
			sourceTree = "<group>";
		};
		04EE0EEF1999BE3400ADC63D /* Model */ = {
			isa = PBXGroup;
			children = (
				04EE0EF01999BE8800ADC63D /* DiscountModel.h */,
				04EE0EF11999BE8800ADC63D /* DiscountModel.m */,
				04EE0FC1199A2C9700ADC63D /* AccountModel.h */,
				04EE0FC2199A2C9700ADC63D /* AccountModel.m */,
				04EE0FBE199A298600ADC63D /* SystemModel.h */,
				04EE0FBF199A298600ADC63D /* SystemModel.m */,
				04F4C492199B6D2F00FCBC6F /* AccountAndSystemModel.h */,
				04F4C493199B6D2F00FCBC6F /* AccountAndSystemModel.m */,
			);
			name = Model;
			sourceTree = "<group>";
		};
		04EE0EF31999C08F00ADC63D /* EGOImage */ = {
			isa = PBXGroup;
			children = (
				04EE0EF41999C08F00ADC63D /* EGOCache.h */,
				04EE0EF51999C08F00ADC63D /* EGOCache.m */,
				04EE0EF61999C08F00ADC63D /* EGOImageLoadConnection.h */,
				04EE0EF71999C08F00ADC63D /* EGOImageLoadConnection.m */,
				04EE0EF81999C08F00ADC63D /* EGOImageLoader.h */,
				04EE0EF91999C08F00ADC63D /* EGOImageLoader.m */,
				04EE0EFA1999C08F00ADC63D /* EGOImageView.h */,
				04EE0EFB1999C08F00ADC63D /* EGOImageView.m */,
			);
			name = EGOImage;
			path = Third/EGOImage;
			sourceTree = "<group>";
		};
		04EE0F0B199A07CF00ADC63D /* Interface */ = {
			isa = PBXGroup;
			children = (
				04EE0F0C199A07CF00ADC63D /* BaseInterface.h */,
				04EE0F0D199A07CF00ADC63D /* BaseInterface.m */,
				04F4C487199B648000FCBC6F /* OneClickInterface.h */,
				04F4C488199B648000FCBC6F /* OneClickInterface.m */,
				04EE0FB5199A233300ADC63D /* BindPhoneInterface.h */,
				04EE0FB6199A233300ADC63D /* BindPhoneInterface.m */,
				04EE0F32199A0ABB00ADC63D /* UploadScanResultInterface.h */,
				04EE0F33199A0ABB00ADC63D /* UploadScanResultInterface.m */,
				04F4C3E1199B45B300FCBC6F /* ScanBindAccountInterface.h */,
				04F4C3E2199B45B300FCBC6F /* ScanBindAccountInterface.m */,
				04F4C3DE199B16BC00FCBC6F /* ScanLoginInterface.h */,
				04F4C3DF199B16BC00FCBC6F /* ScanLoginInterface.m */,
				04F4C444199B5EA800FCBC6F /* ScanLoginCancelInterface.h */,
				04F4C445199B5EA800FCBC6F /* ScanLoginCancelInterface.m */,
			);
			path = Interface;
			sourceTree = "<group>";
		};
		04EE0F0F199A07E200ADC63D /* ASIHTTPRequest */ = {
			isa = PBXGroup;
			children = (
				04EE0F10199A07E200ADC63D /* ASIAuthenticationDialog.h */,
				04EE0F11199A07E200ADC63D /* ASIAuthenticationDialog.m */,
				04EE0F12199A07E200ADC63D /* ASICacheDelegate.h */,
				04EE0F13199A07E200ADC63D /* ASIDataCompressor.h */,
				04EE0F14199A07E200ADC63D /* ASIDataCompressor.m */,
				04EE0F15199A07E200ADC63D /* ASIDataDecompressor.h */,
				04EE0F16199A07E200ADC63D /* ASIDataDecompressor.m */,
				04EE0F17199A07E200ADC63D /* ASIDownloadCache.h */,
				04EE0F18199A07E200ADC63D /* ASIDownloadCache.m */,
				04EE0F19199A07E200ADC63D /* ASIFormDataRequest.h */,
				04EE0F1A199A07E200ADC63D /* ASIFormDataRequest.m */,
				04EE0F1B199A07E200ADC63D /* ASIHTTPRequest.h */,
				04EE0F1C199A07E200ADC63D /* ASIHTTPRequest.m */,
				04EE0F1D199A07E200ADC63D /* ASIHTTPRequestConfig.h */,
				04EE0F1E199A07E200ADC63D /* ASIHTTPRequestDelegate.h */,
				04EE0F1F199A07E200ADC63D /* ASIInputStream.h */,
				04EE0F20199A07E200ADC63D /* ASIInputStream.m */,
				04EE0F21199A07E200ADC63D /* ASINetworkQueue.h */,
				04EE0F22199A07E200ADC63D /* ASINetworkQueue.m */,
				04EE0F23199A07E200ADC63D /* ASIProgressDelegate.h */,
			);
			name = ASIHTTPRequest;
			path = Third/ASIHTTPRequest;
			sourceTree = "<group>";
		};
		04EE0F2C199A081100ADC63D /* JSONKIT */ = {
			isa = PBXGroup;
			children = (
				04EE0F2D199A081100ADC63D /* JSONKit.h */,
				04EE0F2E199A081100ADC63D /* JSONKit.m */,
			);
			name = JSONKIT;
			path = Third/JSONKIT;
			sourceTree = "<group>";
		};
		04EE0F37199A0E8E00ADC63D /* Reachability */ = {
			isa = PBXGroup;
			children = (
				04EE0F38199A0E8E00ADC63D /* Reachability.h */,
				04EE0F39199A0E8E00ADC63D /* Reachability.m */,
			);
			name = Reachability;
			path = Third/Reachability;
			sourceTree = "<group>";
		};
		04F02547198CC65F0017665A = {
			isa = PBXGroup;
			children = (
				04F02559198CC6600017665A /* VLingPai */,
				04F02572198CC6600017665A /* VLingPaiTests */,
				04F02552198CC6600017665A /* Frameworks */,
				04F02551198CC6600017665A /* Products */,
			);
			sourceTree = "<group>";
		};
		04F02551198CC6600017665A /* Products */ = {
			isa = PBXGroup;
			children = (
				04F02550198CC6600017665A /* VLingPai.app */,
				04F0256B198CC6600017665A /* VLingPaiTests.xctest */,
			);
			name = Products;
			sourceTree = "<group>";
		};
		04F02552198CC6600017665A /* Frameworks */ = {
			isa = PBXGroup;
			children = (
				04640974199CC24300E8BA09 /* QuartzCore.framework */,
				04EE0F08199A074F00ADC63D /* libz.1.2.5.dylib */,
				04EE0F06199A073800ADC63D /* MobileCoreServices.framework */,
				04EE0F04199A073100ADC63D /* SystemConfiguration.framework */,
				042D44071991CE5400AA0A0A /* libiconv.dylib */,
				042D44051991CE4400AA0A0A /* CoreMedia.framework */,
				042D44031991CE3C00AA0A0A /* CoreVideo.framework */,
				042D44011991CE3500AA0A0A /* AudioToolbox.framework */,
				042D43FF1991CE2D00AA0A0A /* AVFoundation.framework */,
				040E50001990D6330023FD80 /* CFNetwork.framework */,
				040E4F6D199076FA0023FD80 /* libicucore.dylib */,
				04F02553198CC6600017665A /* Foundation.framework */,
				04F02555198CC6600017665A /* CoreGraphics.framework */,
				04F02557198CC6600017665A /* UIKit.framework */,
				04F0256C198CC6600017665A /* XCTest.framework */,
			);
			name = Frameworks;
			sourceTree = "<group>";
		};
		04F02559198CC6600017665A /* VLingPai */ = {
			isa = PBXGroup;
			children = (
				04F02562198CC6600017665A /* AppDelegate.h */,
				04F02563198CC6600017665A /* AppDelegate.m */,
				04F02589198CCE2C0017665A /* FirstViewController.h */,
				04F0258A198CCE2C0017665A /* FirstViewController.m */,
				04F0258B198CCE2C0017665A /* FirstViewController.xib */,
				043DA679198F3E4C000421B9 /* StartViewController.h */,
				043DA67A198F3E4C000421B9 /* StartViewController.m */,
				043DA67B198F3E4C000421B9 /* StartViewController.xib */,
				043DA67E198F3E52000421B9 /* Start */,
				04F025A7198CD5770017665A /* VerificationViewController.h */,
				04F025A8198CD5770017665A /* VerificationViewController.mm */,
				04F025A9198CD5770017665A /* VerificationViewController.xib */,
				04F02593198CCEF60017665A /* Verification */,
				04F025AC198CD58D0017665A /* DiscountViewController.h */,
				04F025AD198CD58D0017665A /* DiscountViewController.m */,
				04F025AE198CD58D0017665A /* DiscountViewController.xib */,
				04F02599198CCF210017665A /* Discount */,
				04F025B1198CD59F0017665A /* SettingViewController.h */,
				04F025B2198CD59F0017665A /* SettingViewController.m */,
				04F025B3198CD59F0017665A /* SettingViewController.xib */,
				04F0259F198CCF3C0017665A /* Setting */,
				04F4C495199B6E4500FCBC6F /* OneClickListViewController.h */,
				04F4C496199B6E4500FCBC6F /* OneClickListViewController.m */,
				04F4C497199B6E4500FCBC6F /* OneClickListViewController.xib */,
				04F4C48D199B6D1400FCBC6F /* OneClickViewController.h */,
				04F4C48E199B6D1400FCBC6F /* OneClickViewController.m */,
				04F4C48F199B6D1400FCBC6F /* OneClickViewController.xib */,
				0464098B199CCB7300E8BA09 /* DigitalTokenViewController.h */,
				0464098C199CCB7300E8BA09 /* DigitalTokenViewController.m */,
				0464098D199CCB7300E8BA09 /* DigitalTokenViewController.xib */,
				04EE0EEF1999BE3400ADC63D /* Model */,
				04F4C49A199B6F6000FCBC6F /* View */,
				04EE0F0B199A07CF00ADC63D /* Interface */,
				04F025A0198CCF780017665A /* Third */,
				04F0255A198CC6600017665A /* Supporting Files */,
			);
			path = VLingPai;
			sourceTree = "<group>";
		};
		04F0255A198CC6600017665A /* Supporting Files */ = {
			isa = PBXGroup;
			children = (
				04F02565198CC6600017665A /* Images.xcassets */,
				04F025D1198CD9D10017665A /* Image */,
				04F0255B198CC6600017665A /* VLingPai-Info.plist */,
				04F0255C198CC6600017665A /* InfoPlist.strings */,
				04F0255F198CC6600017665A /* main.mm */,
				04F02561198CC6600017665A /* VLingPai-Prefix.pch */,
			);
			name = "Supporting Files";
			sourceTree = "<group>";
		};
		04F02572198CC6600017665A /* VLingPaiTests */ = {
			isa = PBXGroup;
			children = (
				04F02578198CC6600017665A /* VLingPaiTests.m */,
				04F02573198CC6600017665A /* Supporting Files */,
			);
			path = VLingPaiTests;
			sourceTree = "<group>";
		};
		04F02573198CC6600017665A /* Supporting Files */ = {
			isa = PBXGroup;
			children = (
				04F02574198CC6600017665A /* VLingPaiTests-Info.plist */,
				04F02575198CC6600017665A /* InfoPlist.strings */,
			);
			name = "Supporting Files";
			sourceTree = "<group>";
		};
		04F02593198CCEF60017665A /* Verification */ = {
			isa = PBXGroup;
			children = (
				042D44341992023D00AA0A0A /* ConnecteDiscountViewController.h */,
				042D44351992023D00AA0A0A /* ConnecteDiscountViewController.m */,
				042D44361992023D00AA0A0A /* ConnecteDiscountViewController.xib */,
				04EE0FC4199A2F0B00ADC63D /* ConnecteSuccessViewController.h */,
				04EE0FC5199A2F0B00ADC63D /* ConnecteSuccessViewController.m */,
				04EE0FC6199A2F0B00ADC63D /* ConnecteSuccessViewController.xib */,
				042D443E199211AD00AA0A0A /* LogInSystemViewController.h */,
				042D443F199211AD00AA0A0A /* LogInSystemViewController.m */,
				042D4440199211AD00AA0A0A /* LogInSystemViewController.xib */,
			);
			name = Verification;
			sourceTree = "<group>";
		};
		04F02599198CCF210017665A /* Discount */ = {
			isa = PBXGroup;
			children = (
			);
			name = Discount;
			sourceTree = "<group>";
		};
		04F0259F198CCF3C0017665A /* Setting */ = {
			isa = PBXGroup;
			children = (
				04F025C1198CD6A30017665A /* SetStartPassword */,
				04F025A1198CD4EE0017665A /* BindPhone */,
				040E50111990F0C70023FD80 /* CalibrationTimeViewController.h */,
				040E50121990F0C70023FD80 /* CalibrationTimeViewController.m */,
				040E50131990F0C70023FD80 /* CalibrationTimeViewController.xib */,
				040E500C1990F0B00023FD80 /* AboutViewController.h */,
				040E500D1990F0B00023FD80 /* AboutViewController.m */,
				040E500E1990F0B00023FD80 /* AboutViewController.xib */,
			);
			name = Setting;
			sourceTree = "<group>";
		};
		04F025A0198CCF780017665A /* Third */ = {
			isa = PBXGroup;
			children = (
				04EE0F37199A0E8E00ADC63D /* Reachability */,
				04EE0F2C199A081100ADC63D /* JSONKIT */,
				04EE0F0F199A07E200ADC63D /* ASIHTTPRequest */,
				04EE0EF31999C08F00ADC63D /* EGOImage */,
				04FAE3121993970100EAFFFF /* OTP */,
				042D41DE1991CDE000AA0A0A /* Zxing */,
				040E4FFD1990D6290023FD80 /* NTP */,
				040E4F69199075E20023FD80 /* RegexKitLite */,
				04FE1F55198F2BF100F41BE0 /* MBProgressHUD */,
				04FE1F4A198F244900F41BE0 /* LockView */,
			);
			name = Third;
			sourceTree = "<group>";
		};
		04F025A1198CD4EE0017665A /* BindPhone */ = {
			isa = PBXGroup;
			children = (
				040E50161990F0EB0023FD80 /* NowBindPhoneStateViewController.h */,
				040E50171990F0EB0023FD80 /* NowBindPhoneStateViewController.m */,
				040E50181990F0EB0023FD80 /* NowBindPhoneStateViewController.xib */,
				04F025A2198CD5490017665A /* ImportPhoneNumberViewController.h */,
				04F025A3198CD5490017665A /* ImportPhoneNumberViewController.m */,
				04F025A4198CD5490017665A /* ImportPhoneNumberViewController.xib */,
			);
			name = BindPhone;
			sourceTree = "<group>";
		};
		04F025C1198CD6A30017665A /* SetStartPassword */ = {
			isa = PBXGroup;
			children = (
				04F025C2198CD6F90017665A /* StartSetPasswordViewController.h */,
				04F025C3198CD6F90017665A /* StartSetPasswordViewController.m */,
				04F025C4198CD6F90017665A /* StartSetPasswordViewController.xib */,
				04F025C7198CD7680017665A /* SetStartPasswordViewController.h */,
				04F025C8198CD7680017665A /* SetStartPasswordViewController.m */,
				04F025C9198CD7680017665A /* SetStartPasswordViewController.xib */,
				04F025CC198CD7AB0017665A /* SetQuestionViewController.h */,
				04F025CD198CD7AB0017665A /* SetQuestionViewController.m */,
				04F025CE198CD7AB0017665A /* SetQuestionViewController.xib */,
				042D441C1991DE5800AA0A0A /* ResetStartPasswordViewController.h */,
				042D441D1991DE5800AA0A0A /* ResetStartPasswordViewController.m */,
				042D441E1991DE5800AA0A0A /* ResetStartPasswordViewController.xib */,
			);
			name = SetStartPassword;
			sourceTree = "<group>";
		};
		04F025D1198CD9D10017665A /* Image */ = {
			isa = PBXGroup;
			children = (
				04640976199CC58200E8BA09 /* 0-9 */,
				04F025D2198CD9D10017665A /* tempImage */,
			);
			path = Image;
			sourceTree = "<group>";
		};
		04F025D2198CD9D10017665A /* tempImage */ = {
			isa = PBXGroup;
			children = (
				04F025D3198CDA5C0017665A /* setting_startsetpassword_img@2x.png */,
			);
			path = tempImage;
			sourceTree = "<group>";
		};
		04F4C49A199B6F6000FCBC6F /* View */ = {
			isa = PBXGroup;
			children = (
				04F4C49B199B6F6000FCBC6F /* DiscountViewCell.h */,
				04F4C49C199B6F6000FCBC6F /* DiscountViewCell.m */,
				04F4C49D199B6F6000FCBC6F /* DiscountViewCell.xib */,
				04F4C4A0199B6F9600FCBC6F /* OneClickListViewCell.h */,
				04F4C4A1199B6F9600FCBC6F /* OneClickListViewCell.m */,
				04F4C4A2199B6F9600FCBC6F /* OneClickListViewCell.xib */,
				04640971199CBCB000E8BA09 /* DigitalTokenView.h */,
				04640972199CBCB000E8BA09 /* DigitalTokenView.m */,
			);
			path = View;
			sourceTree = "<group>";
		};
		04FAE3121993970100EAFFFF /* OTP */ = {
			isa = PBXGroup;
			children = (
				04FAE3131993970100EAFFFF /* base32.c */,
				04FAE3141993970100EAFFFF /* base32.h */,
				04FAE3151993970100EAFFFF /* tempOTPImage.png */,
				04FAE3161993970100EAFFFF /* Token.h */,
				04FAE3171993970100EAFFFF /* Token.m */,
				04FAE3181993970100EAFFFF /* TokenCode.h */,
				04FAE3191993970100EAFFFF /* TokenCode.m */,
				04FAE31A1993970100EAFFFF /* TokenStore.h */,
				04FAE31B1993970100EAFFFF /* TokenStore.m */,
			);
			name = OTP;
			path = Third/OTP;
			sourceTree = "<group>";
		};
		04FE1F4A198F244900F41BE0 /* LockView */ = {
			isa = PBXGroup;
			children = (
				04FE1F4B198F244900F41BE0 /* dot_off.png */,
				04FE1F4C198F244900F41BE0 /* dot_on.png */,
				04FE1F4D198F244900F41BE0 /* LockView.h */,
				04FE1F4E198F244900F41BE0 /* LockView.m */,
				04FE1F4F198F244900F41BE0 /* LockViewController.h */,
				04FE1F50198F244900F41BE0 /* LockViewController.m */,
			);
			name = LockView;
			path = Third/LockView;
			sourceTree = "<group>";
		};
		04FE1F55198F2BF100F41BE0 /* MBProgressHUD */ = {
			isa = PBXGroup;
			children = (
				04F4C3DA199B048300FCBC6F /* 37x-Checkmark_wrong@2x.png */,
				04FE1F59198F2CB500F41BE0 /* 37x-Checkmark.png */,
				04FE1F5A198F2CB500F41BE0 /* 37x-Checkmark@2x.png */,
				04FE1F56198F2BF100F41BE0 /* MBProgressHUD.h */,
				04FE1F57198F2BF100F41BE0 /* MBProgressHUD.m */,
			);
			name = MBProgressHUD;
			path = Third/MBProgressHUD;
			sourceTree = "<group>";
		};
/* End PBXGroup section */

/* Begin PBXNativeTarget section */
		04F0254F198CC6600017665A /* VLingPai */ = {
			isa = PBXNativeTarget;
			buildConfigurationList = 04F0257C198CC6600017665A /* Build configuration list for PBXNativeTarget "VLingPai" */;
			buildPhases = (
				04F0254C198CC6600017665A /* Sources */,
				04F0254D198CC6600017665A /* Frameworks */,
				04F0254E198CC6600017665A /* Resources */,
			);
			buildRules = (
			);
			dependencies = (
			);
			name = VLingPai;
			productName = VLingPai;
			productReference = 04F02550198CC6600017665A /* VLingPai.app */;
			productType = "com.apple.product-type.application";
		};
		04F0256A198CC6600017665A /* VLingPaiTests */ = {
			isa = PBXNativeTarget;
			buildConfigurationList = 04F0257F198CC6600017665A /* Build configuration list for PBXNativeTarget "VLingPaiTests" */;
			buildPhases = (
				04F02567198CC6600017665A /* Sources */,
				04F02568198CC6600017665A /* Frameworks */,
				04F02569198CC6600017665A /* Resources */,
			);
			buildRules = (
			);
			dependencies = (
				04F02571198CC6600017665A /* PBXTargetDependency */,
			);
			name = VLingPaiTests;
			productName = VLingPaiTests;
			productReference = 04F0256B198CC6600017665A /* VLingPaiTests.xctest */;
			productType = "com.apple.product-type.bundle.unit-test";
		};
/* End PBXNativeTarget section */

/* Begin PBXProject section */
		04F02548198CC65F0017665A /* Project object */ = {
			isa = PBXProject;
			attributes = {
				LastUpgradeCheck = 0510;
				ORGANIZATIONNAME = zhcpeng;
				TargetAttributes = {
					04F0256A198CC6600017665A = {
						TestTargetID = 04F0254F198CC6600017665A;
					};
				};
			};
			buildConfigurationList = 04F0254B198CC65F0017665A /* Build configuration list for PBXProject "VLingPai" */;
			compatibilityVersion = "Xcode 3.2";
			developmentRegion = English;
			hasScannedForEncodings = 0;
			knownRegions = (
				en,
			);
			mainGroup = 04F02547198CC65F0017665A;
			productRefGroup = 04F02551198CC6600017665A /* Products */;
			projectDirPath = "";
			projectReferences = (
				{
					ProductGroup = 042D440C1991D0DF00AA0A0A /* Products */;
					ProjectRef = 042D440B1991D0DF00AA0A0A /* ZXingWidget.xcodeproj */;
				},
			);
			projectRoot = "";
			targets = (
				04F0254F198CC6600017665A /* VLingPai */,
				04F0256A198CC6600017665A /* VLingPaiTests */,
			);
		};
/* End PBXProject section */

/* Begin PBXReferenceProxy section */
		042D44111991D0DF00AA0A0A /* libZXingWidget.a */ = {
			isa = PBXReferenceProxy;
			fileType = archive.ar;
			path = libZXingWidget.a;
			remoteRef = 042D44101991D0DF00AA0A0A /* PBXContainerItemProxy */;
			sourceTree = BUILT_PRODUCTS_DIR;
		};
		042D44131991D0DF00AA0A0A /* ZXingTests.octest */ = {
			isa = PBXReferenceProxy;
			fileType = wrapper.cfbundle;
			path = ZXingTests.octest;
			remoteRef = 042D44121991D0DF00AA0A0A /* PBXContainerItemProxy */;
			sourceTree = BUILT_PRODUCTS_DIR;
		};
/* End PBXReferenceProxy section */

/* Begin PBXResourcesBuildPhase section */
		04F0254E198CC6600017665A /* Resources */ = {
			isa = PBXResourcesBuildPhase;
			buildActionMask = 2147483647;
			files = (
				04640983199CC58200E8BA09 /* 2@2x.png in Resources */,
				04F025B5198CD59F0017665A /* SettingViewController.xib in Resources */,
				04F4C499199B6E4500FCBC6F /* OneClickListViewController.xib in Resources */,
				04640984199CC58200E8BA09 /* 3@2x.png in Resources */,
				040E50101990F0B00023FD80 /* AboutViewController.xib in Resources */,
				04FAE31D1993970100EAFFFF /* tempOTPImage.png in Resources */,
				040E50151990F0C70023FD80 /* CalibrationTimeViewController.xib in Resources */,
				043DA683198F693C000421B9 /* InputQuestionAnswerViewController.xib in Resources */,
				04640985199CC58200E8BA09 /* 4@2x.png in Resources */,
				04640989199CC58200E8BA09 /* 8@2x.png in Resources */,
				042D44201991DE5800AA0A0A /* ResetStartPasswordViewController.xib in Resources */,
				04FE1F51198F244900F41BE0 /* dot_off.png in Resources */,
				04FE1F52198F244900F41BE0 /* dot_on.png in Resources */,
				04640987199CC58200E8BA09 /* 6@2x.png in Resources */,
				04640982199CC58200E8BA09 /* 1@2x.png in Resources */,
				04F025B0198CD58D0017665A /* DiscountViewController.xib in Resources */,
				04F025D4198CDA5C0017665A /* setting_startsetpassword_img@2x.png in Resources */,
				04F0255E198CC6600017665A /* InfoPlist.strings in Resources */,
				04F4C49F199B6F6000FCBC6F /* DiscountViewCell.xib in Resources */,
				04F025CB198CD7680017665A /* SetStartPasswordViewController.xib in Resources */,
				042D4442199211AD00AA0A0A /* LogInSystemViewController.xib in Resources */,
				04F025AB198CD5770017665A /* VerificationViewController.xib in Resources */,
				04EE0FC8199A2F0B00ADC63D /* ConnecteSuccessViewController.xib in Resources */,
				043DA67D198F3E4C000421B9 /* StartViewController.xib in Resources */,
				04F025C6198CD6F90017665A /* StartSetPasswordViewController.xib in Resources */,
				04FE1F5C198F2CB500F41BE0 /* 37x-Checkmark@2x.png in Resources */,
				040E501A1990F0EB0023FD80 /* NowBindPhoneStateViewController.xib in Resources */,
				04640981199CC58200E8BA09 /* 0@2x.png in Resources */,
				042D44381992023D00AA0A0A /* ConnecteDiscountViewController.xib in Resources */,
				04F0258D198CCE2C0017665A /* FirstViewController.xib in Resources */,
				04F025D0198CD7AB0017665A /* SetQuestionViewController.xib in Resources */,
				0464098F199CCB7300E8BA09 /* DigitalTokenViewController.xib in Resources */,
				04F4C4A4199B6F9600FCBC6F /* OneClickListViewCell.xib in Resources */,
				04F4C3DB199B048300FCBC6F /* 37x-Checkmark_wrong@2x.png in Resources */,
				0464098A199CC58200E8BA09 /* 9@2x.png in Resources */,
				04F025A6198CD5490017665A /* ImportPhoneNumberViewController.xib in Resources */,
				04F02566198CC6600017665A /* Images.xcassets in Resources */,
				04640986199CC58200E8BA09 /* 5@2x.png in Resources */,
				04F4C491199B6D1400FCBC6F /* OneClickViewController.xib in Resources */,
				04FE1F5B198F2CB500F41BE0 /* 37x-Checkmark.png in Resources */,
				04640988199CC58200E8BA09 /* 7@2x.png in Resources */,
			);
			runOnlyForDeploymentPostprocessing = 0;
		};
		04F02569198CC6600017665A /* Resources */ = {
			isa = PBXResourcesBuildPhase;
			buildActionMask = 2147483647;
			files = (
				04F02577198CC6600017665A /* InfoPlist.strings in Resources */,
			);
			runOnlyForDeploymentPostprocessing = 0;
		};
/* End PBXResourcesBuildPhase section */

/* Begin PBXSourcesBuildPhase section */
		04F0254C198CC6600017665A /* Sources */ = {
			isa = PBXSourcesBuildPhase;
			buildActionMask = 2147483647;
			files = (
				04EE0EFE1999C08F00ADC63D /* EGOImageLoader.m in Sources */,
				04F4C489199B648000FCBC6F /* OneClickInterface.m in Sources */,
				04F4C498199B6E4500FCBC6F /* OneClickListViewController.m in Sources */,
				04EE0FC7199A2F0B00ADC63D /* ConnecteSuccessViewController.m in Sources */,
				04FAE3201993970100EAFFFF /* TokenStore.m in Sources */,
				04F4C3E3199B45B300FCBC6F /* ScanBindAccountInterface.m in Sources */,
				04EE0F2A199A07E200ADC63D /* ASIInputStream.m in Sources */,
				04EE0EF21999BE8800ADC63D /* DiscountModel.m in Sources */,
				04FE1F54198F244900F41BE0 /* LockViewController.m in Sources */,
				04F4C3E0199B16BC00FCBC6F /* ScanLoginInterface.m in Sources */,
				04F4C446199B5EA800FCBC6F /* ScanLoginCancelInterface.m in Sources */,
				04640973199CBCB000E8BA09 /* DigitalTokenView.m in Sources */,
				04FAE31E1993970100EAFFFF /* Token.m in Sources */,
				04F025CF198CD7AB0017665A /* SetQuestionViewController.m in Sources */,
				04EE0EFF1999C08F00ADC63D /* EGOImageView.m in Sources */,
				04F025AF198CD58D0017665A /* DiscountViewController.m in Sources */,
				040E50141990F0C70023FD80 /* CalibrationTimeViewController.m in Sources */,
				04F02564198CC6600017665A /* AppDelegate.m in Sources */,
				040E500F1990F0B00023FD80 /* AboutViewController.m in Sources */,
				04F4C441199B5A1A00FCBC6F /* AsyncUdpSocket.m in Sources */,
				04EE0F27199A07E200ADC63D /* ASIDownloadCache.m in Sources */,
				04EE0F24199A07E200ADC63D /* ASIAuthenticationDialog.m in Sources */,
				04EE0F26199A07E200ADC63D /* ASIDataDecompressor.m in Sources */,
				04EE0FC0199A298600ADC63D /* SystemModel.m in Sources */,
				04F0258C198CCE2C0017665A /* FirstViewController.m in Sources */,
				04F025B4198CD59F0017665A /* SettingViewController.m in Sources */,
				04EE0F2F199A081100ADC63D /* JSONKit.m in Sources */,
				04EE0F29199A07E200ADC63D /* ASIHTTPRequest.m in Sources */,
				04FAE31F1993970100EAFFFF /* TokenCode.m in Sources */,
				04FAE31C1993970100EAFFFF /* base32.c in Sources */,
				04EE0EFC1999C08F00ADC63D /* EGOCache.m in Sources */,
				042D441F1991DE5800AA0A0A /* ResetStartPasswordViewController.m in Sources */,
				04EE0F0E199A07CF00ADC63D /* BaseInterface.m in Sources */,
				04F4C4A3199B6F9600FCBC6F /* OneClickListViewCell.m in Sources */,
				04F025C5198CD6F90017665A /* StartSetPasswordViewController.m in Sources */,
				04F025CA198CD7680017665A /* SetStartPasswordViewController.m in Sources */,
				04EE0FB7199A233300ADC63D /* BindPhoneInterface.m in Sources */,
				04F02560198CC6600017665A /* main.mm in Sources */,
				04FE1F53198F244900F41BE0 /* LockView.m in Sources */,
				040E4F6C199075E20023FD80 /* RegexKitLite.m in Sources */,
				0464098E199CCB7300E8BA09 /* DigitalTokenViewController.m in Sources */,
				04F025AA198CD5770017665A /* VerificationViewController.mm in Sources */,
				04EE0F28199A07E200ADC63D /* ASIFormDataRequest.m in Sources */,
				04EE0F34199A0ABB00ADC63D /* UploadScanResultInterface.m in Sources */,
				04F4C49E199B6F6000FCBC6F /* DiscountViewCell.m in Sources */,
				043DA67C198F3E4C000421B9 /* StartViewController.m in Sources */,
				04EE0F3A199A0E8E00ADC63D /* Reachability.m in Sources */,
				04F4C494199B6D2F00FCBC6F /* AccountAndSystemModel.m in Sources */,
				043DA682198F693C000421B9 /* InputQuestionAnswerViewController.m in Sources */,
				04EE0FC3199A2C9700ADC63D /* AccountModel.m in Sources */,
				042D4441199211AD00AA0A0A /* LogInSystemViewController.m in Sources */,
				04EE0F25199A07E200ADC63D /* ASIDataCompressor.m in Sources */,
				042D44371992023D00AA0A0A /* ConnecteDiscountViewController.m in Sources */,
				040E50191990F0EB0023FD80 /* NowBindPhoneStateViewController.m in Sources */,
				04F4C490199B6D1400FCBC6F /* OneClickViewController.m in Sources */,
				04EE0F2B199A07E200ADC63D /* ASINetworkQueue.m in Sources */,
				04F4C443199B5A1A00FCBC6F /* NetworkClock.m in Sources */,
				04F025A5198CD5490017665A /* ImportPhoneNumberViewController.m in Sources */,
				04FE1F58198F2BF100F41BE0 /* MBProgressHUD.m in Sources */,
				04EE0EFD1999C08F00ADC63D /* EGOImageLoadConnection.m in Sources */,
				04F4C442199B5A1A00FCBC6F /* NetAssociation.m in Sources */,
			);
			runOnlyForDeploymentPostprocessing = 0;
		};
		04F02567198CC6600017665A /* Sources */ = {
			isa = PBXSourcesBuildPhase;
			buildActionMask = 2147483647;
			files = (
				04F02579198CC6600017665A /* VLingPaiTests.m in Sources */,
			);
			runOnlyForDeploymentPostprocessing = 0;
		};
/* End PBXSourcesBuildPhase section */

/* Begin PBXTargetDependency section */
		04F02571198CC6600017665A /* PBXTargetDependency */ = {
			isa = PBXTargetDependency;
			target = 04F0254F198CC6600017665A /* VLingPai */;
			targetProxy = 04F02570198CC6600017665A /* PBXContainerItemProxy */;
		};
/* End PBXTargetDependency section */

/* Begin PBXVariantGroup section */
		04F0255C198CC6600017665A /* InfoPlist.strings */ = {
			isa = PBXVariantGroup;
			children = (
				04F0255D198CC6600017665A /* en */,
			);
			name = InfoPlist.strings;
			sourceTree = "<group>";
		};
		04F02575198CC6600017665A /* InfoPlist.strings */ = {
			isa = PBXVariantGroup;
			children = (
				04F02576198CC6600017665A /* en */,
			);
			name = InfoPlist.strings;
			sourceTree = "<group>";
		};
/* End PBXVariantGroup section */

/* Begin XCBuildConfiguration section */
		04F0257A198CC6600017665A /* Debug */ = {
			isa = XCBuildConfiguration;
			buildSettings = {
				ALWAYS_SEARCH_USER_PATHS = NO;
				CLANG_CXX_LANGUAGE_STANDARD = "gnu++0x";
				CLANG_CXX_LIBRARY = "libc++";
				CLANG_ENABLE_MODULES = YES;
				CLANG_ENABLE_OBJC_ARC = YES;
				CLANG_WARN_BOOL_CONVERSION = YES;
				CLANG_WARN_CONSTANT_CONVERSION = YES;
				CLANG_WARN_DIRECT_OBJC_ISA_USAGE = YES_ERROR;
				CLANG_WARN_EMPTY_BODY = YES;
				CLANG_WARN_ENUM_CONVERSION = YES;
				CLANG_WARN_INT_CONVERSION = YES;
				CLANG_WARN_OBJC_ROOT_CLASS = YES_ERROR;
				CLANG_WARN__DUPLICATE_METHOD_MATCH = YES;
				"CODE_SIGN_IDENTITY[sdk=iphoneos*]" = "iPhone Developer";
				COPY_PHASE_STRIP = NO;
				GCC_C_LANGUAGE_STANDARD = gnu99;
				GCC_DYNAMIC_NO_PIC = NO;
				GCC_OPTIMIZATION_LEVEL = 0;
				GCC_PREPROCESSOR_DEFINITIONS = (
					"DEBUG=1",
					"$(inherited)",
				);
				GCC_SYMBOLS_PRIVATE_EXTERN = NO;
				GCC_WARN_64_TO_32_BIT_CONVERSION = YES;
				GCC_WARN_ABOUT_RETURN_TYPE = YES_ERROR;
				GCC_WARN_UNDECLARED_SELECTOR = YES;
				GCC_WARN_UNINITIALIZED_AUTOS = YES_AGGRESSIVE;
				GCC_WARN_UNUSED_FUNCTION = YES;
				GCC_WARN_UNUSED_VARIABLE = YES;
				IPHONEOS_DEPLOYMENT_TARGET = 7.1;
				ONLY_ACTIVE_ARCH = YES;
				SDKROOT = iphoneos;
			};
			name = Debug;
		};
		04F0257B198CC6600017665A /* Release */ = {
			isa = XCBuildConfiguration;
			buildSettings = {
				ALWAYS_SEARCH_USER_PATHS = NO;
				CLANG_CXX_LANGUAGE_STANDARD = "gnu++0x";
				CLANG_CXX_LIBRARY = "libc++";
				CLANG_ENABLE_MODULES = YES;
				CLANG_ENABLE_OBJC_ARC = YES;
				CLANG_WARN_BOOL_CONVERSION = YES;
				CLANG_WARN_CONSTANT_CONVERSION = YES;
				CLANG_WARN_DIRECT_OBJC_ISA_USAGE = YES_ERROR;
				CLANG_WARN_EMPTY_BODY = YES;
				CLANG_WARN_ENUM_CONVERSION = YES;
				CLANG_WARN_INT_CONVERSION = YES;
				CLANG_WARN_OBJC_ROOT_CLASS = YES_ERROR;
				CLANG_WARN__DUPLICATE_METHOD_MATCH = YES;
				"CODE_SIGN_IDENTITY[sdk=iphoneos*]" = "iPhone Developer";
				COPY_PHASE_STRIP = YES;
				ENABLE_NS_ASSERTIONS = NO;
				GCC_C_LANGUAGE_STANDARD = gnu99;
				GCC_WARN_64_TO_32_BIT_CONVERSION = YES;
				GCC_WARN_ABOUT_RETURN_TYPE = YES_ERROR;
				GCC_WARN_UNDECLARED_SELECTOR = YES;
				GCC_WARN_UNINITIALIZED_AUTOS = YES_AGGRESSIVE;
				GCC_WARN_UNUSED_FUNCTION = YES;
				GCC_WARN_UNUSED_VARIABLE = YES;
				IPHONEOS_DEPLOYMENT_TARGET = 7.1;
				SDKROOT = iphoneos;
				VALIDATE_PRODUCT = YES;
			};
			name = Release;
		};
		04F0257D198CC6600017665A /* Debug */ = {
			isa = XCBuildConfiguration;
			buildSettings = {
				ARCHS = (
					armv7,
					armv7s,
				);
				ASSETCATALOG_COMPILER_APPICON_NAME = AppIcon;
				ASSETCATALOG_COMPILER_LAUNCHIMAGE_NAME = LaunchImage;
				CLANG_CXX_LANGUAGE_STANDARD = "gnu++0x";
				CLANG_CXX_LIBRARY = "libstdc++";
				FRAMEWORK_SEARCH_PATHS = (
					"$(inherited)",
					"$(PROJECT_DIR)/VLingPai/Third/NTP",
				);
				GCC_PRECOMPILE_PREFIX_HEADER = YES;
				GCC_PREFIX_HEADER = "VLingPai/VLingPai-Prefix.pch";
				HEADER_SEARCH_PATHS = (
					"$(inherited)",
					/Applications/Xcode.app/Contents/Developer/Toolchains/XcodeDefault.xctoolchain/usr/include,
					./zxing/cpp/core/src,
					"./zxing/iphone/ZXingWidget/Classes/**",
				);
				INFOPLIST_FILE = "VLingPai/VLingPai-Info.plist";
				IPHONEOS_DEPLOYMENT_TARGET = 5.1.1;
				PRODUCT_NAME = "$(TARGET_NAME)";
				VALID_ARCHS = "armv7 armv7s";
				WRAPPER_EXTENSION = app;
			};
			name = Debug;
		};
		04F0257E198CC6600017665A /* Release */ = {
			isa = XCBuildConfiguration;
			buildSettings = {
				ARCHS = (
					armv7,
					armv7s,
				);
				ASSETCATALOG_COMPILER_APPICON_NAME = AppIcon;
				ASSETCATALOG_COMPILER_LAUNCHIMAGE_NAME = LaunchImage;
				CLANG_CXX_LANGUAGE_STANDARD = "gnu++0x";
				CLANG_CXX_LIBRARY = "libstdc++";
				FRAMEWORK_SEARCH_PATHS = (
					"$(inherited)",
					"$(PROJECT_DIR)/VLingPai/Third/NTP",
				);
				GCC_PRECOMPILE_PREFIX_HEADER = YES;
				GCC_PREFIX_HEADER = "VLingPai/VLingPai-Prefix.pch";
				HEADER_SEARCH_PATHS = (
					"$(inherited)",
					/Applications/Xcode.app/Contents/Developer/Toolchains/XcodeDefault.xctoolchain/usr/include,
					./zxing/cpp/core/src,
					"./zxing/iphone/ZXingWidget/Classes/**",
				);
				INFOPLIST_FILE = "VLingPai/VLingPai-Info.plist";
				IPHONEOS_DEPLOYMENT_TARGET = 5.1.1;
				PRODUCT_NAME = "$(TARGET_NAME)";
				VALID_ARCHS = "armv7 armv7s";
				WRAPPER_EXTENSION = app;
			};
			name = Release;
		};
		04F02580198CC6600017665A /* Debug */ = {
			isa = XCBuildConfiguration;
			buildSettings = {
				BUNDLE_LOADER = "$(BUILT_PRODUCTS_DIR)/VLingPai.app/VLingPai";
				FRAMEWORK_SEARCH_PATHS = (
					"$(SDKROOT)/Developer/Library/Frameworks",
					"$(inherited)",
					"$(DEVELOPER_FRAMEWORKS_DIR)",
				);
				GCC_PRECOMPILE_PREFIX_HEADER = YES;
				GCC_PREFIX_HEADER = "VLingPai/VLingPai-Prefix.pch";
				GCC_PREPROCESSOR_DEFINITIONS = (
					"DEBUG=1",
					"$(inherited)",
				);
				INFOPLIST_FILE = "VLingPaiTests/VLingPaiTests-Info.plist";
				PRODUCT_NAME = "$(TARGET_NAME)";
				TEST_HOST = "$(BUNDLE_LOADER)";
				WRAPPER_EXTENSION = xctest;
			};
			name = Debug;
		};
		04F02581198CC6600017665A /* Release */ = {
			isa = XCBuildConfiguration;
			buildSettings = {
				BUNDLE_LOADER = "$(BUILT_PRODUCTS_DIR)/VLingPai.app/VLingPai";
				FRAMEWORK_SEARCH_PATHS = (
					"$(SDKROOT)/Developer/Library/Frameworks",
					"$(inherited)",
					"$(DEVELOPER_FRAMEWORKS_DIR)",
				);
				GCC_PRECOMPILE_PREFIX_HEADER = YES;
				GCC_PREFIX_HEADER = "VLingPai/VLingPai-Prefix.pch";
				INFOPLIST_FILE = "VLingPaiTests/VLingPaiTests-Info.plist";
				PRODUCT_NAME = "$(TARGET_NAME)";
				TEST_HOST = "$(BUNDLE_LOADER)";
				WRAPPER_EXTENSION = xctest;
			};
			name = Release;
		};
/* End XCBuildConfiguration section */

/* Begin XCConfigurationList section */
		04F0254B198CC65F0017665A /* Build configuration list for PBXProject "VLingPai" */ = {
			isa = XCConfigurationList;
			buildConfigurations = (
				04F0257A198CC6600017665A /* Debug */,
				04F0257B198CC6600017665A /* Release */,
			);
			defaultConfigurationIsVisible = 0;
			defaultConfigurationName = Release;
		};
		04F0257C198CC6600017665A /* Build configuration list for PBXNativeTarget "VLingPai" */ = {
			isa = XCConfigurationList;
			buildConfigurations = (
				04F0257D198CC6600017665A /* Debug */,
				04F0257E198CC6600017665A /* Release */,
			);
			defaultConfigurationIsVisible = 0;
			defaultConfigurationName = Release;
		};
		04F0257F198CC6600017665A /* Build configuration list for PBXNativeTarget "VLingPaiTests" */ = {
			isa = XCConfigurationList;
			buildConfigurations = (
				04F02580198CC6600017665A /* Debug */,
				04F02581198CC6600017665A /* Release */,
			);
			defaultConfigurationIsVisible = 0;
			defaultConfigurationName = Release;
		};
/* End XCConfigurationList section */
	};
	rootObject = 04F02548198CC65F0017665A /* Project object */;
}
